
Microsoft Visual Studio Solution File, Format Version 11.00
# Visual Studio 2010
Project("{2150E333-8FDC-42A3-9474-1A3956D46DE8}") = "Bridge", "Bridge", "{A9DDD05D-3D99-4958-BAB8-627D669DD752}"
EndProject
Project("{2150E333-8FDC-42A3-9474-1A3956D46DE8}") = "BridgeX", "BridgeX", "{0A0C061A-790A-42F4-A95E-A5C60AB0990F}"
EndProject
Project("{2150E333-8FDC-42A3-9474-1A3956D46DE8}") = "Driver", "Driver", "{34EE24D9-C310-49F2-9417-8A3413A92558}"
EndProject
Project("{2150E333-8FDC-42A3-9474-1A3956D46DE8}") = "Sample", "Sample", "{719833F5-F375-4CEC-BF94-1055EF34FF51}"
EndProject
Project("{8BC9CEB8-8B4A-11D0-8D11-00A0C91BC942}") = "sample_invoker", "Sample\invoker\sample_invoker.vcxproj", "{00878B84-FDBE-4BBC-98E3-B09BAF58FD1E}"
	ProjectSection(ProjectDependencies) = postProject
		{14459A3D-4981-4F7F-BF0B-9E4ACA9DE1B5} = {14459A3D-4981-4F7F-BF0B-9E4ACA9DE1B5}
		{D0F7A8D0-7402-4848-B1C6-29DD21E843D9} = {D0F7A8D0-7402-4848-B1C6-29DD21E843D9}
		{4E8858FE-E497-4CB4-ADFF-49B04D3D84C0} = {4E8858FE-E497-4CB4-ADFF-49B04D3D84C0}
	EndProjectSection
EndProject
Project("{FAE04EC0-301F-11D3-BF4B-00C04F79EFBC}") = "sample_xinvoker", "Sample\xinvoker\sample_xinvoker.csproj", "{AB72CFED-1F74-4F9E-A2A8-65048F54AEA1}"
	ProjectSection(ProjectDependencies) = postProject
		{3FDE4705-06DA-4C38-BB97-F4C26D8FAB59} = {3FDE4705-06DA-4C38-BB97-F4C26D8FAB59}
		{D0F7A8D0-7402-4848-B1C6-29DD21E843D9} = {D0F7A8D0-7402-4848-B1C6-29DD21E843D9}
	EndProjectSection
EndProject
Project("{FAE04EC0-301F-11D3-BF4B-00C04F79EFBC}") = "sample_xlib", "Sample\xlibrary\sample_xlib.csproj", "{ADFD729F-5B97-4C6C-93DD-F8E4673E3134}"
EndProject
Project("{8BC9CEB8-8B4A-11D0-8D11-00A0C91BC942}") = "sample_lib", "Sample\library\sample_lib.vcxproj", "{4E8858FE-E497-4CB4-ADFF-49B04D3D84C0}"
	ProjectSection(ProjectDependencies) = postProject
		{14459A3D-4981-4F7F-BF0B-9E4ACA9DE1B5} = {14459A3D-4981-4F7F-BF0B-9E4ACA9DE1B5}
		{D0F7A8D0-7402-4848-B1C6-29DD21E843D9} = {D0F7A8D0-7402-4848-B1C6-29DD21E843D9}
	EndProjectSection
EndProject
Project("{2150E333-8FDC-42A3-9474-1A3956D46DE8}") = "App", "App", "{7B66784F-5873-42A6-B3DE-98A29896770B}"
EndProject
Project("{8BC9CEB8-8B4A-11D0-8D11-00A0C91BC942}") = "sample_pipe", "Sample\sample_pipe\sample_pipe.vcxproj", "{AE183F65-F55E-4AB4-A846-81F81FDBA62B}"
	ProjectSection(ProjectDependencies) = postProject
		{14459A3D-4981-4F7F-BF0B-9E4ACA9DE1B5} = {14459A3D-4981-4F7F-BF0B-9E4ACA9DE1B5}
	EndProjectSection
EndProject
Project("{FAE04EC0-301F-11D3-BF4B-00C04F79EFBC}") = "vf_bridge_x", "BridgeX\vf_bridge_x\vf_bridge_x.csproj", "{24DA7D2B-5931-49CE-BD0A-74B460FDC192}"
EndProject
Project("{FAE04EC0-301F-11D3-BF4B-00C04F79EFBC}") = "vf_model_x", "BridgeX\vf_model_x\vf_model_x.csproj", "{B22FA0B0-7573-4F67-B9B7-60922C04B8BF}"
EndProject
Project("{8BC9CEB8-8B4A-11D0-8D11-00A0C91BC942}") = "sample_encoding", "Sample\sample_encoding\sample_encoding.vcxproj", "{D1C62F11-8CD3-481B-B4E6-F704A0462C61}"
EndProject
Project("{8BC9CEB8-8B4A-11D0-8D11-00A0C91BC942}") = "vf_bridge", "Bridge\vf_bridge\vf_bridge.vcxproj", "{14459A3D-4981-4F7F-BF0B-9E4ACA9DE1B5}"
EndProject
Project("{8BC9CEB8-8B4A-11D0-8D11-00A0C91BC942}") = "vf_host", "Bridge\vf_host\vf_host.vcxproj", "{9730E928-8EBF-4F69-9A7C-297A086AE4A2}"
	ProjectSection(ProjectDependencies) = postProject
		{14459A3D-4981-4F7F-BF0B-9E4ACA9DE1B5} = {14459A3D-4981-4F7F-BF0B-9E4ACA9DE1B5}
	EndProjectSection
EndProject
Project("{8BC9CEB8-8B4A-11D0-8D11-00A0C91BC942}") = "vf_drv_clr", "Driver\vf_drv_clr\vf_drv_clr.vcxproj", "{3FDE4705-06DA-4C38-BB97-F4C26D8FAB59}"
EndProject
Project("{8BC9CEB8-8B4A-11D0-8D11-00A0C91BC942}") = "vf_drv_crt", "Driver\vf_drv_crt\vf_drv_win32.vcxproj", "{D0F7A8D0-7402-4848-B1C6-29DD21E843D9}"
EndProject
Project("{FAE04EC0-301F-11D3-BF4B-00C04F79EFBC}") = "vf_disp", "App\vf_disp\vf_disp.csproj", "{B18C0CE8-F5D8-48BF-B123-CADACD90C9C2}"
EndProject
Project("{FAE04EC0-301F-11D3-BF4B-00C04F79EFBC}") = "vf_xhost.clr", "App\vf_xhost.clr\vf_xhost.clr.csproj", "{7A76BE2D-4682-4712-B9C4-7E4425B188CE}"
EndProject
Project("{FAE04EC0-301F-11D3-BF4B-00C04F79EFBC}") = "vf_xhost.web", "App\vf_xhost.web\vf_xhost.web.csproj", "{5B079BFB-19F2-492D-B163-EE7B373B69ED}"
EndProject
Project("{FAE04EC0-301F-11D3-BF4B-00C04F79EFBC}") = "vf_xhost.web.core", "App\vf_xhost.web.core\vf_xhost.web.core.csproj", "{BFB12933-284A-4950-9058-47966E77B77E}"
EndProject
Global
	GlobalSection(SolutionConfigurationPlatforms) = preSolution
		Debug|Any CPU = Debug|Any CPU
		Debug|Mixed Platforms = Debug|Mixed Platforms
		Debug|Win32 = Debug|Win32
		Debug|x86 = Debug|x86
		Release|Any CPU = Release|Any CPU
		Release|Mixed Platforms = Release|Mixed Platforms
		Release|Win32 = Release|Win32
		Release|x86 = Release|x86
	EndGlobalSection
	GlobalSection(ProjectConfigurationPlatforms) = postSolution
		{00878B84-FDBE-4BBC-98E3-B09BAF58FD1E}.Debug|Any CPU.ActiveCfg = Debug|Win32
		{00878B84-FDBE-4BBC-98E3-B09BAF58FD1E}.Debug|Any CPU.Build.0 = Debug|Win32
		{00878B84-FDBE-4BBC-98E3-B09BAF58FD1E}.Debug|Mixed Platforms.ActiveCfg = Debug|Win32
		{00878B84-FDBE-4BBC-98E3-B09BAF58FD1E}.Debug|Mixed Platforms.Build.0 = Debug|Win32
		{00878B84-FDBE-4BBC-98E3-B09BAF58FD1E}.Debug|Win32.ActiveCfg = Debug|Win32
		{00878B84-FDBE-4BBC-98E3-B09BAF58FD1E}.Debug|Win32.Build.0 = Debug|Win32
		{00878B84-FDBE-4BBC-98E3-B09BAF58FD1E}.Debug|x86.ActiveCfg = Debug|Win32
		{00878B84-FDBE-4BBC-98E3-B09BAF58FD1E}.Release|Any CPU.ActiveCfg = Release|Win32
		{00878B84-FDBE-4BBC-98E3-B09BAF58FD1E}.Release|Any CPU.Build.0 = Release|Win32
		{00878B84-FDBE-4BBC-98E3-B09BAF58FD1E}.Release|Mixed Platforms.ActiveCfg = Release|Win32
		{00878B84-FDBE-4BBC-98E3-B09BAF58FD1E}.Release|Mixed Platforms.Build.0 = Release|Win32
		{00878B84-FDBE-4BBC-98E3-B09BAF58FD1E}.Release|Win32.ActiveCfg = Release|Win32
		{00878B84-FDBE-4BBC-98E3-B09BAF58FD1E}.Release|Win32.Build.0 = Release|Win32
		{00878B84-FDBE-4BBC-98E3-B09BAF58FD1E}.Release|x86.ActiveCfg = Release|Win32
		{AB72CFED-1F74-4F9E-A2A8-65048F54AEA1}.Debug|Any CPU.ActiveCfg = Debug|x86
		{AB72CFED-1F74-4F9E-A2A8-65048F54AEA1}.Debug|Any CPU.Build.0 = Debug|x86
		{AB72CFED-1F74-4F9E-A2A8-65048F54AEA1}.Debug|Mixed Platforms.ActiveCfg = Debug|x86
		{AB72CFED-1F74-4F9E-A2A8-65048F54AEA1}.Debug|Mixed Platforms.Build.0 = Debug|x86
		{AB72CFED-1F74-4F9E-A2A8-65048F54AEA1}.Debug|Win32.ActiveCfg = Debug|x86
		{AB72CFED-1F74-4F9E-A2A8-65048F54AEA1}.Debug|x86.ActiveCfg = Debug|x86
		{AB72CFED-1F74-4F9E-A2A8-65048F54AEA1}.Debug|x86.Build.0 = Debug|x86
		{AB72CFED-1F74-4F9E-A2A8-65048F54AEA1}.Release|Any CPU.ActiveCfg = Release|x86
		{AB72CFED-1F74-4F9E-A2A8-65048F54AEA1}.Release|Any CPU.Build.0 = Release|x86
		{AB72CFED-1F74-4F9E-A2A8-65048F54AEA1}.Release|Mixed Platforms.ActiveCfg = Release|x86
		{AB72CFED-1F74-4F9E-A2A8-65048F54AEA1}.Release|Mixed Platforms.Build.0 = Release|x86
		{AB72CFED-1F74-4F9E-A2A8-65048F54AEA1}.Release|Win32.ActiveCfg = Release|x86
		{AB72CFED-1F74-4F9E-A2A8-65048F54AEA1}.Release|x86.ActiveCfg = Release|x86
		{AB72CFED-1F74-4F9E-A2A8-65048F54AEA1}.Release|x86.Build.0 = Release|x86
		{ADFD729F-5B97-4C6C-93DD-F8E4673E3134}.Debug|Any CPU.ActiveCfg = Debug|Any CPU
		{ADFD729F-5B97-4C6C-93DD-F8E4673E3134}.Debug|Any CPU.Build.0 = Debug|Any CPU
		{ADFD729F-5B97-4C6C-93DD-F8E4673E3134}.Debug|Mixed Platforms.ActiveCfg = Debug|Any CPU
		{ADFD729F-5B97-4C6C-93DD-F8E4673E3134}.Debug|Mixed Platforms.Build.0 = Debug|Any CPU
		{ADFD729F-5B97-4C6C-93DD-F8E4673E3134}.Debug|Win32.ActiveCfg = Debug|Any CPU
		{ADFD729F-5B97-4C6C-93DD-F8E4673E3134}.Debug|x86.ActiveCfg = Debug|Any CPU
		{ADFD729F-5B97-4C6C-93DD-F8E4673E3134}.Release|Any CPU.ActiveCfg = Release|Any CPU
		{ADFD729F-5B97-4C6C-93DD-F8E4673E3134}.Release|Any CPU.Build.0 = Release|Any CPU
		{ADFD729F-5B97-4C6C-93DD-F8E4673E3134}.Release|Mixed Platforms.ActiveCfg = Release|Any CPU
		{ADFD729F-5B97-4C6C-93DD-F8E4673E3134}.Release|Mixed Platforms.Build.0 = Release|Any CPU
		{ADFD729F-5B97-4C6C-93DD-F8E4673E3134}.Release|Win32.ActiveCfg = Release|Any CPU
		{ADFD729F-5B97-4C6C-93DD-F8E4673E3134}.Release|x86.ActiveCfg = Release|Any CPU
		{4E8858FE-E497-4CB4-ADFF-49B04D3D84C0}.Debug|Any CPU.ActiveCfg = Debug|Win32
		{4E8858FE-E497-4CB4-ADFF-49B04D3D84C0}.Debug|Any CPU.Build.0 = Debug|Win32
		{4E8858FE-E497-4CB4-ADFF-49B04D3D84C0}.Debug|Mixed Platforms.ActiveCfg = Debug|Win32
		{4E8858FE-E497-4CB4-ADFF-49B04D3D84C0}.Debug|Mixed Platforms.Build.0 = Debug|Win32
		{4E8858FE-E497-4CB4-ADFF-49B04D3D84C0}.Debug|Win32.ActiveCfg = Debug|Win32
		{4E8858FE-E497-4CB4-ADFF-49B04D3D84C0}.Debug|Win32.Build.0 = Debug|Win32
		{4E8858FE-E497-4CB4-ADFF-49B04D3D84C0}.Debug|x86.ActiveCfg = Debug|Win32
		{4E8858FE-E497-4CB4-ADFF-49B04D3D84C0}.Release|Any CPU.ActiveCfg = Release|Win32
		{4E8858FE-E497-4CB4-ADFF-49B04D3D84C0}.Release|Any CPU.Build.0 = Release|Win32
		{4E8858FE-E497-4CB4-ADFF-49B04D3D84C0}.Release|Mixed Platforms.ActiveCfg = Release|Win32
		{4E8858FE-E497-4CB4-ADFF-49B04D3D84C0}.Release|Mixed Platforms.Build.0 = Release|Win32
		{4E8858FE-E497-4CB4-ADFF-49B04D3D84C0}.Release|Win32.ActiveCfg = Release|Win32
		{4E8858FE-E497-4CB4-ADFF-49B04D3D84C0}.Release|Win32.Build.0 = Release|Win32
		{4E8858FE-E497-4CB4-ADFF-49B04D3D84C0}.Release|x86.ActiveCfg = Release|Win32
		{AE183F65-F55E-4AB4-A846-81F81FDBA62B}.Debug|Any CPU.ActiveCfg = Debug|Win32
		{AE183F65-F55E-4AB4-A846-81F81FDBA62B}.Debug|Any CPU.Build.0 = Debug|Win32
		{AE183F65-F55E-4AB4-A846-81F81FDBA62B}.Debug|Mixed Platforms.ActiveCfg = Debug|Win32
		{AE183F65-F55E-4AB4-A846-81F81FDBA62B}.Debug|Mixed Platforms.Build.0 = Debug|Win32
		{AE183F65-F55E-4AB4-A846-81F81FDBA62B}.Debug|Win32.ActiveCfg = Debug|Win32
		{AE183F65-F55E-4AB4-A846-81F81FDBA62B}.Debug|Win32.Build.0 = Debug|Win32
		{AE183F65-F55E-4AB4-A846-81F81FDBA62B}.Debug|x86.ActiveCfg = Debug|Win32
		{AE183F65-F55E-4AB4-A846-81F81FDBA62B}.Release|Any CPU.ActiveCfg = Release|Win32
		{AE183F65-F55E-4AB4-A846-81F81FDBA62B}.Release|Mixed Platforms.ActiveCfg = Release|Win32
		{AE183F65-F55E-4AB4-A846-81F81FDBA62B}.Release|Mixed Platforms.Build.0 = Release|Win32
		{AE183F65-F55E-4AB4-A846-81F81FDBA62B}.Release|Win32.ActiveCfg = Release|Win32
		{AE183F65-F55E-4AB4-A846-81F81FDBA62B}.Release|Win32.Build.0 = Release|Win32
		{AE183F65-F55E-4AB4-A846-81F81FDBA62B}.Release|x86.ActiveCfg = Release|Win32
		{24DA7D2B-5931-49CE-BD0A-74B460FDC192}.Debug|Any CPU.ActiveCfg = Debug|Any CPU
		{24DA7D2B-5931-49CE-BD0A-74B460FDC192}.Debug|Any CPU.Build.0 = Debug|Any CPU
		{24DA7D2B-5931-49CE-BD0A-74B460FDC192}.Debug|Mixed Platforms.ActiveCfg = Debug|Any CPU
		{24DA7D2B-5931-49CE-BD0A-74B460FDC192}.Debug|Mixed Platforms.Build.0 = Debug|Any CPU
		{24DA7D2B-5931-49CE-BD0A-74B460FDC192}.Debug|Win32.ActiveCfg = Debug|Any CPU
		{24DA7D2B-5931-49CE-BD0A-74B460FDC192}.Debug|x86.ActiveCfg = Debug|Any CPU
		{24DA7D2B-5931-49CE-BD0A-74B460FDC192}.Release|Any CPU.ActiveCfg = Release|Any CPU
		{24DA7D2B-5931-49CE-BD0A-74B460FDC192}.Release|Any CPU.Build.0 = Release|Any CPU
		{24DA7D2B-5931-49CE-BD0A-74B460FDC192}.Release|Mixed Platforms.ActiveCfg = Release|Any CPU
		{24DA7D2B-5931-49CE-BD0A-74B460FDC192}.Release|Mixed Platforms.Build.0 = Release|Any CPU
		{24DA7D2B-5931-49CE-BD0A-74B460FDC192}.Release|Win32.ActiveCfg = Release|Any CPU
		{24DA7D2B-5931-49CE-BD0A-74B460FDC192}.Release|x86.ActiveCfg = Release|Any CPU
		{B22FA0B0-7573-4F67-B9B7-60922C04B8BF}.Debug|Any CPU.ActiveCfg = Debug|Any CPU
		{B22FA0B0-7573-4F67-B9B7-60922C04B8BF}.Debug|Any CPU.Build.0 = Debug|Any CPU
		{B22FA0B0-7573-4F67-B9B7-60922C04B8BF}.Debug|Mixed Platforms.ActiveCfg = Debug|Any CPU
		{B22FA0B0-7573-4F67-B9B7-60922C04B8BF}.Debug|Mixed Platforms.Build.0 = Debug|Any CPU
		{B22FA0B0-7573-4F67-B9B7-60922C04B8BF}.Debug|Win32.ActiveCfg = Debug|Any CPU
		{B22FA0B0-7573-4F67-B9B7-60922C04B8BF}.Debug|x86.ActiveCfg = Debug|Any CPU
		{B22FA0B0-7573-4F67-B9B7-60922C04B8BF}.Release|Any CPU.ActiveCfg = Release|Any CPU
		{B22FA0B0-7573-4F67-B9B7-60922C04B8BF}.Release|Any CPU.Build.0 = Release|Any CPU
		{B22FA0B0-7573-4F67-B9B7-60922C04B8BF}.Release|Mixed Platforms.ActiveCfg = Release|Any CPU
		{B22FA0B0-7573-4F67-B9B7-60922C04B8BF}.Release|Mixed Platforms.Build.0 = Release|Any CPU
		{B22FA0B0-7573-4F67-B9B7-60922C04B8BF}.Release|Win32.ActiveCfg = Release|Any CPU
		{B22FA0B0-7573-4F67-B9B7-60922C04B8BF}.Release|x86.ActiveCfg = Release|Any CPU
		{D1C62F11-8CD3-481B-B4E6-F704A0462C61}.Debug|Any CPU.ActiveCfg = Debug|Win32
		{D1C62F11-8CD3-481B-B4E6-F704A0462C61}.Debug|Any CPU.Build.0 = Debug|Win32
		{D1C62F11-8CD3-481B-B4E6-F704A0462C61}.Debug|Mixed Platforms.ActiveCfg = Debug|Win32
		{D1C62F11-8CD3-481B-B4E6-F704A0462C61}.Debug|Mixed Platforms.Build.0 = Debug|Win32
		{D1C62F11-8CD3-481B-B4E6-F704A0462C61}.Debug|Win32.ActiveCfg = Debug|Win32
		{D1C62F11-8CD3-481B-B4E6-F704A0462C61}.Debug|Win32.Build.0 = Debug|Win32
		{D1C62F11-8CD3-481B-B4E6-F704A0462C61}.Debug|x86.ActiveCfg = Debug|Win32
		{D1C62F11-8CD3-481B-B4E6-F704A0462C61}.Release|Any CPU.ActiveCfg = Release|Win32
		{D1C62F11-8CD3-481B-B4E6-F704A0462C61}.Release|Mixed Platforms.ActiveCfg = Release|Win32
		{D1C62F11-8CD3-481B-B4E6-F704A0462C61}.Release|Mixed Platforms.Build.0 = Release|Win32
		{D1C62F11-8CD3-481B-B4E6-F704A0462C61}.Release|Win32.ActiveCfg = Release|Win32
		{D1C62F11-8CD3-481B-B4E6-F704A0462C61}.Release|Win32.Build.0 = Release|Win32
		{D1C62F11-8CD3-481B-B4E6-F704A0462C61}.Release|x86.ActiveCfg = Release|Win32
		{14459A3D-4981-4F7F-BF0B-9E4ACA9DE1B5}.Debug|Any CPU.ActiveCfg = Debug|Win32
		{14459A3D-4981-4F7F-BF0B-9E4ACA9DE1B5}.Debug|Mixed Platforms.ActiveCfg = Debug|Win32
		{14459A3D-4981-4F7F-BF0B-9E4ACA9DE1B5}.Debug|Mixed Platforms.Build.0 = Debug|Win32
		{14459A3D-4981-4F7F-BF0B-9E4ACA9DE1B5}.Debug|Win32.ActiveCfg = Debug|Win32
		{14459A3D-4981-4F7F-BF0B-9E4ACA9DE1B5}.Debug|Win32.Build.0 = Debug|Win32
		{14459A3D-4981-4F7F-BF0B-9E4ACA9DE1B5}.Debug|x86.ActiveCfg = Debug|Win32
		{14459A3D-4981-4F7F-BF0B-9E4ACA9DE1B5}.Release|Any CPU.ActiveCfg = Release|Win32
		{14459A3D-4981-4F7F-BF0B-9E4ACA9DE1B5}.Release|Mixed Platforms.ActiveCfg = Release|Win32
		{14459A3D-4981-4F7F-BF0B-9E4ACA9DE1B5}.Release|Mixed Platforms.Build.0 = Release|Win32
		{14459A3D-4981-4F7F-BF0B-9E4ACA9DE1B5}.Release|Win32.ActiveCfg = Release|Win32
		{14459A3D-4981-4F7F-BF0B-9E4ACA9DE1B5}.Release|Win32.Build.0 = Release|Win32
		{14459A3D-4981-4F7F-BF0B-9E4ACA9DE1B5}.Release|x86.ActiveCfg = Release|Win32
		{9730E928-8EBF-4F69-9A7C-297A086AE4A2}.Debug|Any CPU.ActiveCfg = Debug|Win32
		{9730E928-8EBF-4F69-9A7C-297A086AE4A2}.Debug|Mixed Platforms.ActiveCfg = Debug|Win32
		{9730E928-8EBF-4F69-9A7C-297A086AE4A2}.Debug|Mixed Platforms.Build.0 = Debug|Win32
		{9730E928-8EBF-4F69-9A7C-297A086AE4A2}.Debug|Win32.ActiveCfg = Debug|Win32
		{9730E928-8EBF-4F69-9A7C-297A086AE4A2}.Debug|Win32.Build.0 = Debug|Win32
		{9730E928-8EBF-4F69-9A7C-297A086AE4A2}.Debug|x86.ActiveCfg = Debug|Win32
		{9730E928-8EBF-4F69-9A7C-297A086AE4A2}.Release|Any CPU.ActiveCfg = Release|Win32
		{9730E928-8EBF-4F69-9A7C-297A086AE4A2}.Release|Mixed Platforms.ActiveCfg = Release|Win32
		{9730E928-8EBF-4F69-9A7C-297A086AE4A2}.Release|Mixed Platforms.Build.0 = Release|Win32
		{9730E928-8EBF-4F69-9A7C-297A086AE4A2}.Release|Win32.ActiveCfg = Release|Win32
		{9730E928-8EBF-4F69-9A7C-297A086AE4A2}.Release|Win32.Build.0 = Release|Win32
		{9730E928-8EBF-4F69-9A7C-297A086AE4A2}.Release|x86.ActiveCfg = Release|Win32
		{3FDE4705-06DA-4C38-BB97-F4C26D8FAB59}.Debug|Any CPU.ActiveCfg = Debug|Win32
		{3FDE4705-06DA-4C38-BB97-F4C26D8FAB59}.Debug|Mixed Platforms.ActiveCfg = Debug|Win32
		{3FDE4705-06DA-4C38-BB97-F4C26D8FAB59}.Debug|Mixed Platforms.Build.0 = Debug|Win32
		{3FDE4705-06DA-4C38-BB97-F4C26D8FAB59}.Debug|Win32.ActiveCfg = Debug|Win32
		{3FDE4705-06DA-4C38-BB97-F4C26D8FAB59}.Debug|Win32.Build.0 = Debug|Win32
		{3FDE4705-06DA-4C38-BB97-F4C26D8FAB59}.Debug|x86.ActiveCfg = Debug|Win32
		{3FDE4705-06DA-4C38-BB97-F4C26D8FAB59}.Release|Any CPU.ActiveCfg = Release|Win32
		{3FDE4705-06DA-4C38-BB97-F4C26D8FAB59}.Release|Mixed Platforms.ActiveCfg = Release|Win32
		{3FDE4705-06DA-4C38-BB97-F4C26D8FAB59}.Release|Mixed Platforms.Build.0 = Release|Win32
		{3FDE4705-06DA-4C38-BB97-F4C26D8FAB59}.Release|Win32.ActiveCfg = Release|Win32
		{3FDE4705-06DA-4C38-BB97-F4C26D8FAB59}.Release|Win32.Build.0 = Release|Win32
		{3FDE4705-06DA-4C38-BB97-F4C26D8FAB59}.Release|x86.ActiveCfg = Release|Win32
		{D0F7A8D0-7402-4848-B1C6-29DD21E843D9}.Debug|Any CPU.ActiveCfg = Debug|Win32
		{D0F7A8D0-7402-4848-B1C6-29DD21E843D9}.Debug|Mixed Platforms.ActiveCfg = Debug|Win32
		{D0F7A8D0-7402-4848-B1C6-29DD21E843D9}.Debug|Mixed Platforms.Build.0 = Debug|Win32
		{D0F7A8D0-7402-4848-B1C6-29DD21E843D9}.Debug|Win32.ActiveCfg = Debug|Win32
		{D0F7A8D0-7402-4848-B1C6-29DD21E843D9}.Debug|Win32.Build.0 = Debug|Win32
		{D0F7A8D0-7402-4848-B1C6-29DD21E843D9}.Debug|x86.ActiveCfg = Debug|Win32
		{D0F7A8D0-7402-4848-B1C6-29DD21E843D9}.Release|Any CPU.ActiveCfg = Release|Win32
		{D0F7A8D0-7402-4848-B1C6-29DD21E843D9}.Release|Mixed Platforms.ActiveCfg = Release|Win32
		{D0F7A8D0-7402-4848-B1C6-29DD21E843D9}.Release|Mixed Platforms.Build.0 = Release|Win32
		{D0F7A8D0-7402-4848-B1C6-29DD21E843D9}.Release|Win32.ActiveCfg = Release|Win32
		{D0F7A8D0-7402-4848-B1C6-29DD21E843D9}.Release|Win32.Build.0 = Release|Win32
		{D0F7A8D0-7402-4848-B1C6-29DD21E843D9}.Release|x86.ActiveCfg = Release|Win32
		{B18C0CE8-F5D8-48BF-B123-CADACD90C9C2}.Debug|Any CPU.ActiveCfg = Debug|x86
		{B18C0CE8-F5D8-48BF-B123-CADACD90C9C2}.Debug|Mixed Platforms.ActiveCfg = Debug|x86
		{B18C0CE8-F5D8-48BF-B123-CADACD90C9C2}.Debug|Mixed Platforms.Build.0 = Debug|x86
		{B18C0CE8-F5D8-48BF-B123-CADACD90C9C2}.Debug|Win32.ActiveCfg = Debug|x86
		{B18C0CE8-F5D8-48BF-B123-CADACD90C9C2}.Debug|x86.ActiveCfg = Debug|x86
		{B18C0CE8-F5D8-48BF-B123-CADACD90C9C2}.Debug|x86.Build.0 = Debug|x86
		{B18C0CE8-F5D8-48BF-B123-CADACD90C9C2}.Release|Any CPU.ActiveCfg = Release|x86
		{B18C0CE8-F5D8-48BF-B123-CADACD90C9C2}.Release|Mixed Platforms.ActiveCfg = Release|x86
		{B18C0CE8-F5D8-48BF-B123-CADACD90C9C2}.Release|Mixed Platforms.Build.0 = Release|x86
		{B18C0CE8-F5D8-48BF-B123-CADACD90C9C2}.Release|Win32.ActiveCfg = Release|x86
		{B18C0CE8-F5D8-48BF-B123-CADACD90C9C2}.Release|x86.ActiveCfg = Release|x86
		{B18C0CE8-F5D8-48BF-B123-CADACD90C9C2}.Release|x86.Build.0 = Release|x86
		{7A76BE2D-4682-4712-B9C4-7E4425B188CE}.Debug|Any CPU.ActiveCfg = Debug|x86
		{7A76BE2D-4682-4712-B9C4-7E4425B188CE}.Debug|Mixed Platforms.ActiveCfg = Debug|x86
		{7A76BE2D-4682-4712-B9C4-7E4425B188CE}.Debug|Mixed Platforms.Build.0 = Debug|x86
		{7A76BE2D-4682-4712-B9C4-7E4425B188CE}.Debug|Win32.ActiveCfg = Debug|x86
		{7A76BE2D-4682-4712-B9C4-7E4425B188CE}.Debug|x86.ActiveCfg = Debug|x86
		{7A76BE2D-4682-4712-B9C4-7E4425B188CE}.Debug|x86.Build.0 = Debug|x86
		{7A76BE2D-4682-4712-B9C4-7E4425B188CE}.Release|Any CPU.ActiveCfg = Release|x86
		{7A76BE2D-4682-4712-B9C4-7E4425B188CE}.Release|Mixed Platforms.ActiveCfg = Release|x86
		{7A76BE2D-4682-4712-B9C4-7E4425B188CE}.Release|Mixed Platforms.Build.0 = Release|x86
		{7A76BE2D-4682-4712-B9C4-7E4425B188CE}.Release|Win32.ActiveCfg = Release|x86
		{7A76BE2D-4682-4712-B9C4-7E4425B188CE}.Release|x86.ActiveCfg = Release|x86
		{7A76BE2D-4682-4712-B9C4-7E4425B188CE}.Release|x86.Build.0 = Release|x86
		{5B079BFB-19F2-492D-B163-EE7B373B69ED}.Debug|Any CPU.ActiveCfg = Debug|x86
		{5B079BFB-19F2-492D-B163-EE7B373B69ED}.Debug|Mixed Platforms.ActiveCfg = Debug|x86
		{5B079BFB-19F2-492D-B163-EE7B373B69ED}.Debug|Mixed Platforms.Build.0 = Debug|x86
		{5B079BFB-19F2-492D-B163-EE7B373B69ED}.Debug|Win32.ActiveCfg = Debug|x86
		{5B079BFB-19F2-492D-B163-EE7B373B69ED}.Debug|x86.ActiveCfg = Debug|x86
		{5B079BFB-19F2-492D-B163-EE7B373B69ED}.Debug|x86.Build.0 = Debug|x86
		{5B079BFB-19F2-492D-B163-EE7B373B69ED}.Release|Any CPU.ActiveCfg = Release|x86
		{5B079BFB-19F2-492D-B163-EE7B373B69ED}.Release|Mixed Platforms.ActiveCfg = Release|x86
		{5B079BFB-19F2-492D-B163-EE7B373B69ED}.Release|Mixed Platforms.Build.0 = Release|x86
		{5B079BFB-19F2-492D-B163-EE7B373B69ED}.Release|Win32.ActiveCfg = Release|x86
		{5B079BFB-19F2-492D-B163-EE7B373B69ED}.Release|x86.ActiveCfg = Release|x86
		{5B079BFB-19F2-492D-B163-EE7B373B69ED}.Release|x86.Build.0 = Release|x86
		{BFB12933-284A-4950-9058-47966E77B77E}.Debug|Any CPU.ActiveCfg = Debug|Any CPU
		{BFB12933-284A-4950-9058-47966E77B77E}.Debug|Any CPU.Build.0 = Debug|Any CPU
		{BFB12933-284A-4950-9058-47966E77B77E}.Debug|Mixed Platforms.ActiveCfg = Debug|Any CPU
		{BFB12933-284A-4950-9058-47966E77B77E}.Debug|Mixed Platforms.Build.0 = Debug|Any CPU
		{BFB12933-284A-4950-9058-47966E77B77E}.Debug|Win32.ActiveCfg = Debug|Any CPU
		{BFB12933-284A-4950-9058-47966E77B77E}.Debug|x86.ActiveCfg = Debug|Any CPU
		{BFB12933-284A-4950-9058-47966E77B77E}.Release|Any CPU.ActiveCfg = Release|Any CPU
		{BFB12933-284A-4950-9058-47966E77B77E}.Release|Any CPU.Build.0 = Release|Any CPU
		{BFB12933-284A-4950-9058-47966E77B77E}.Release|Mixed Platforms.ActiveCfg = Release|Any CPU
		{BFB12933-284A-4950-9058-47966E77B77E}.Release|Mixed Platforms.Build.0 = Release|Any CPU
		{BFB12933-284A-4950-9058-47966E77B77E}.Release|Win32.ActiveCfg = Release|Any CPU
		{BFB12933-284A-4950-9058-47966E77B77E}.Release|x86.ActiveCfg = Release|Any CPU
	EndGlobalSection
	GlobalSection(SolutionProperties) = preSolution
		HideSolutionNode = FALSE
	EndGlobalSection
	GlobalSection(NestedProjects) = preSolution
		{14459A3D-4981-4F7F-BF0B-9E4ACA9DE1B5} = {A9DDD05D-3D99-4958-BAB8-627D669DD752}
		{9730E928-8EBF-4F69-9A7C-297A086AE4A2} = {A9DDD05D-3D99-4958-BAB8-627D669DD752}
		{24DA7D2B-5931-49CE-BD0A-74B460FDC192} = {0A0C061A-790A-42F4-A95E-A5C60AB0990F}
		{B22FA0B0-7573-4F67-B9B7-60922C04B8BF} = {0A0C061A-790A-42F4-A95E-A5C60AB0990F}
		{3FDE4705-06DA-4C38-BB97-F4C26D8FAB59} = {34EE24D9-C310-49F2-9417-8A3413A92558}
		{D0F7A8D0-7402-4848-B1C6-29DD21E843D9} = {34EE24D9-C310-49F2-9417-8A3413A92558}
		{00878B84-FDBE-4BBC-98E3-B09BAF58FD1E} = {719833F5-F375-4CEC-BF94-1055EF34FF51}
		{AB72CFED-1F74-4F9E-A2A8-65048F54AEA1} = {719833F5-F375-4CEC-BF94-1055EF34FF51}
		{ADFD729F-5B97-4C6C-93DD-F8E4673E3134} = {719833F5-F375-4CEC-BF94-1055EF34FF51}
		{4E8858FE-E497-4CB4-ADFF-49B04D3D84C0} = {719833F5-F375-4CEC-BF94-1055EF34FF51}
		{AE183F65-F55E-4AB4-A846-81F81FDBA62B} = {719833F5-F375-4CEC-BF94-1055EF34FF51}
		{D1C62F11-8CD3-481B-B4E6-F704A0462C61} = {719833F5-F375-4CEC-BF94-1055EF34FF51}
		{B18C0CE8-F5D8-48BF-B123-CADACD90C9C2} = {7B66784F-5873-42A6-B3DE-98A29896770B}
		{7A76BE2D-4682-4712-B9C4-7E4425B188CE} = {7B66784F-5873-42A6-B3DE-98A29896770B}
		{5B079BFB-19F2-492D-B163-EE7B373B69ED} = {7B66784F-5873-42A6-B3DE-98A29896770B}
		{BFB12933-284A-4950-9058-47966E77B77E} = {7B66784F-5873-42A6-B3DE-98A29896770B}
	EndGlobalSection
EndGlobal
