
Microsoft Visual Studio Solution File, Format Version 11.00
# Visual Studio 2010
Project("{2150E333-8FDC-42A3-9474-1A3956D46DE8}") = "Bridge", "Bridge", "{A9DDD05D-3D99-4958-BAB8-627D669DD752}"
EndProject
Project("{2150E333-8FDC-42A3-9474-1A3956D46DE8}") = "BridgeX", "BridgeX", "{0A0C061A-790A-42F4-A95E-A5C60AB0990F}"
EndProject
Project("{2150E333-8FDC-42A3-9474-1A3956D46DE8}") = "Driver", "Driver", "{34EE24D9-C310-49F2-9417-8A3413A92558}"
EndProject
Project("{8BC9CEB8-8B4A-11D0-8D11-00A0C91BC942}") = "tcm_drv_clr", "Driver\tcm_drv_clr\tcm_drv_clr.vcxproj", "{3FDE4705-06DA-4C38-BB97-F4C26D8FAB59}"
	ProjectSection(ProjectDependencies) = postProject
		{14459A3D-4981-4F7F-BF0B-9E4ACA9DE1B5} = {14459A3D-4981-4F7F-BF0B-9E4ACA9DE1B5}
	EndProjectSection
EndProject
Project("{8BC9CEB8-8B4A-11D0-8D11-00A0C91BC942}") = "tcm_drv_crt", "Driver\tcm_drv_crt\tcm_drv_win32.vcxproj", "{D0F7A8D0-7402-4848-B1C6-29DD21E843D9}"
	ProjectSection(ProjectDependencies) = postProject
		{14459A3D-4981-4F7F-BF0B-9E4ACA9DE1B5} = {14459A3D-4981-4F7F-BF0B-9E4ACA9DE1B5}
	EndProjectSection
EndProject
Project("{8BC9CEB8-8B4A-11D0-8D11-00A0C91BC942}") = "tcm_bridge", "Bridge\tcm_bridge\tcm_bridge.vcxproj", "{14459A3D-4981-4F7F-BF0B-9E4ACA9DE1B5}"
EndProject
Project("{8BC9CEB8-8B4A-11D0-8D11-00A0C91BC942}") = "tcm_host", "Bridge\tcm_host\tcm_host.vcxproj", "{9730E928-8EBF-4F69-9A7C-297A086AE4A2}"
	ProjectSection(ProjectDependencies) = postProject
		{14459A3D-4981-4F7F-BF0B-9E4ACA9DE1B5} = {14459A3D-4981-4F7F-BF0B-9E4ACA9DE1B5}
	EndProjectSection
EndProject
Project("{FAE04EC0-301F-11D3-BF4B-00C04F79EFBC}") = "tcm_xbridge", "xBridge\tcm_xbridge\tcm_xbridge.csproj", "{24DA7D2B-5931-49CE-BD0A-74B460FDC192}"
	ProjectSection(ProjectDependencies) = postProject
		{14459A3D-4981-4F7F-BF0B-9E4ACA9DE1B5} = {14459A3D-4981-4F7F-BF0B-9E4ACA9DE1B5}
	EndProjectSection
EndProject
Project("{FAE04EC0-301F-11D3-BF4B-00C04F79EFBC}") = "tcm_xhelper", "xBridge\tcm_xhelper\tcm_xhelper.csproj", "{B0DA7A04-CFF6-4F33-A262-C7D63AC92A54}"
EndProject
Project("{FAE04EC0-301F-11D3-BF4B-00C04F79EFBC}") = "tcm_xhost", "xBridge\tcm_xhost\tcm_xhost.csproj", "{2B8BF1BC-8444-4C48-868C-815E54BFC4DB}"
EndProject
Project("{2150E333-8FDC-42A3-9474-1A3956D46DE8}") = "Sample", "Sample", "{719833F5-F375-4CEC-BF94-1055EF34FF51}"
EndProject
Project("{8BC9CEB8-8B4A-11D0-8D11-00A0C91BC942}") = "sample_invoker", "Sample\invoker\sample_invoker.vcxproj", "{00878B84-FDBE-4BBC-98E3-B09BAF58FD1E}"
	ProjectSection(ProjectDependencies) = postProject
		{14459A3D-4981-4F7F-BF0B-9E4ACA9DE1B5} = {14459A3D-4981-4F7F-BF0B-9E4ACA9DE1B5}
		{D0F7A8D0-7402-4848-B1C6-29DD21E843D9} = {D0F7A8D0-7402-4848-B1C6-29DD21E843D9}
		{4E8858FE-E497-4CB4-ADFF-49B04D3D84C0} = {4E8858FE-E497-4CB4-ADFF-49B04D3D84C0}
	EndProjectSection
EndProject
Project("{FAE04EC0-301F-11D3-BF4B-00C04F79EFBC}") = "sample_xinvoker", "Sample\xinvoker\sample_xinvoker.csproj", "{AB72CFED-1F74-4F9E-A2A8-65048F54AEA1}"
	ProjectSection(ProjectDependencies) = postProject
		{3FDE4705-06DA-4C38-BB97-F4C26D8FAB59} = {3FDE4705-06DA-4C38-BB97-F4C26D8FAB59}
		{D0F7A8D0-7402-4848-B1C6-29DD21E843D9} = {D0F7A8D0-7402-4848-B1C6-29DD21E843D9}
	EndProjectSection
EndProject
Project("{FAE04EC0-301F-11D3-BF4B-00C04F79EFBC}") = "sample_xlib", "Sample\xlibrary\sample_xlib.csproj", "{ADFD729F-5B97-4C6C-93DD-F8E4673E3134}"
EndProject
Project("{8BC9CEB8-8B4A-11D0-8D11-00A0C91BC942}") = "sample_lib", "Sample\library\sample_lib.vcxproj", "{4E8858FE-E497-4CB4-ADFF-49B04D3D84C0}"
	ProjectSection(ProjectDependencies) = postProject
		{14459A3D-4981-4F7F-BF0B-9E4ACA9DE1B5} = {14459A3D-4981-4F7F-BF0B-9E4ACA9DE1B5}
		{D0F7A8D0-7402-4848-B1C6-29DD21E843D9} = {D0F7A8D0-7402-4848-B1C6-29DD21E843D9}
	EndProjectSection
EndProject
Project("{FAE04EC0-301F-11D3-BF4B-00C04F79EFBC}") = "sample_xui", "Sample\xui\sample_xui.csproj", "{9343F4FD-C057-4487-8C63-583C8DD0D909}"
EndProject
Global
	GlobalSection(SolutionConfigurationPlatforms) = preSolution
		Debug|Any CPU = Debug|Any CPU
		Debug|Mixed Platforms = Debug|Mixed Platforms
		Debug|Win32 = Debug|Win32
		Debug|x86 = Debug|x86
		debug-vc10|Any CPU = debug-vc10|Any CPU
		debug-vc10|Mixed Platforms = debug-vc10|Mixed Platforms
		debug-vc10|Win32 = debug-vc10|Win32
		debug-vc10|x86 = debug-vc10|x86
		debug-vc9|Any CPU = debug-vc9|Any CPU
		debug-vc9|Mixed Platforms = debug-vc9|Mixed Platforms
		debug-vc9|Win32 = debug-vc9|Win32
		debug-vc9|x86 = debug-vc9|x86
		Release|Any CPU = Release|Any CPU
		Release|Mixed Platforms = Release|Mixed Platforms
		Release|Win32 = Release|Win32
		Release|x86 = Release|x86
		release-vc10|Any CPU = release-vc10|Any CPU
		release-vc10|Mixed Platforms = release-vc10|Mixed Platforms
		release-vc10|Win32 = release-vc10|Win32
		release-vc10|x86 = release-vc10|x86
		release-vc9|Any CPU = release-vc9|Any CPU
		release-vc9|Mixed Platforms = release-vc9|Mixed Platforms
		release-vc9|Win32 = release-vc9|Win32
		release-vc9|x86 = release-vc9|x86
	EndGlobalSection
	GlobalSection(ProjectConfigurationPlatforms) = postSolution
		{3FDE4705-06DA-4C38-BB97-F4C26D8FAB59}.Debug|Any CPU.ActiveCfg = Debug|Win32
		{3FDE4705-06DA-4C38-BB97-F4C26D8FAB59}.Debug|Mixed Platforms.ActiveCfg = Debug|Win32
		{3FDE4705-06DA-4C38-BB97-F4C26D8FAB59}.Debug|Mixed Platforms.Build.0 = Debug|Win32
		{3FDE4705-06DA-4C38-BB97-F4C26D8FAB59}.Debug|Win32.ActiveCfg = Debug|Win32
		{3FDE4705-06DA-4C38-BB97-F4C26D8FAB59}.Debug|Win32.Build.0 = Debug|Win32
		{3FDE4705-06DA-4C38-BB97-F4C26D8FAB59}.Debug|x86.ActiveCfg = Debug|Win32
		{3FDE4705-06DA-4C38-BB97-F4C26D8FAB59}.debug-vc10|Any CPU.ActiveCfg = Debug|Win32
		{3FDE4705-06DA-4C38-BB97-F4C26D8FAB59}.debug-vc10|Mixed Platforms.ActiveCfg = debug-vc10|Win32
		{3FDE4705-06DA-4C38-BB97-F4C26D8FAB59}.debug-vc10|Mixed Platforms.Build.0 = debug-vc10|Win32
		{3FDE4705-06DA-4C38-BB97-F4C26D8FAB59}.debug-vc10|Win32.ActiveCfg = Debug|Win32
		{3FDE4705-06DA-4C38-BB97-F4C26D8FAB59}.debug-vc10|Win32.Build.0 = Debug|Win32
		{3FDE4705-06DA-4C38-BB97-F4C26D8FAB59}.debug-vc10|x86.ActiveCfg = Debug|Win32
		{3FDE4705-06DA-4C38-BB97-F4C26D8FAB59}.debug-vc9|Any CPU.ActiveCfg = debug-vc9|Win32
		{3FDE4705-06DA-4C38-BB97-F4C26D8FAB59}.debug-vc9|Mixed Platforms.ActiveCfg = debug-vc9|Win32
		{3FDE4705-06DA-4C38-BB97-F4C26D8FAB59}.debug-vc9|Win32.ActiveCfg = debug-vc9|Win32
		{3FDE4705-06DA-4C38-BB97-F4C26D8FAB59}.debug-vc9|Win32.Build.0 = debug-vc9|Win32
		{3FDE4705-06DA-4C38-BB97-F4C26D8FAB59}.debug-vc9|x86.ActiveCfg = debug-vc9|Win32
		{3FDE4705-06DA-4C38-BB97-F4C26D8FAB59}.Release|Any CPU.ActiveCfg = Release|Win32
		{3FDE4705-06DA-4C38-BB97-F4C26D8FAB59}.Release|Mixed Platforms.ActiveCfg = Release|Win32
		{3FDE4705-06DA-4C38-BB97-F4C26D8FAB59}.Release|Mixed Platforms.Build.0 = Release|Win32
		{3FDE4705-06DA-4C38-BB97-F4C26D8FAB59}.Release|Win32.ActiveCfg = Release|Win32
		{3FDE4705-06DA-4C38-BB97-F4C26D8FAB59}.Release|Win32.Build.0 = Release|Win32
		{3FDE4705-06DA-4C38-BB97-F4C26D8FAB59}.Release|x86.ActiveCfg = Release|Win32
		{3FDE4705-06DA-4C38-BB97-F4C26D8FAB59}.release-vc10|Any CPU.ActiveCfg = Release|Win32
		{3FDE4705-06DA-4C38-BB97-F4C26D8FAB59}.release-vc10|Mixed Platforms.ActiveCfg = release-vc10|Win32
		{3FDE4705-06DA-4C38-BB97-F4C26D8FAB59}.release-vc10|Mixed Platforms.Build.0 = release-vc10|Win32
		{3FDE4705-06DA-4C38-BB97-F4C26D8FAB59}.release-vc10|Win32.ActiveCfg = Release|Win32
		{3FDE4705-06DA-4C38-BB97-F4C26D8FAB59}.release-vc10|Win32.Build.0 = Release|Win32
		{3FDE4705-06DA-4C38-BB97-F4C26D8FAB59}.release-vc10|x86.ActiveCfg = Release|Win32
		{3FDE4705-06DA-4C38-BB97-F4C26D8FAB59}.release-vc9|Any CPU.ActiveCfg = release-vc9|Win32
		{3FDE4705-06DA-4C38-BB97-F4C26D8FAB59}.release-vc9|Mixed Platforms.ActiveCfg = release-vc9|Win32
		{3FDE4705-06DA-4C38-BB97-F4C26D8FAB59}.release-vc9|Win32.ActiveCfg = release-vc9|Win32
		{3FDE4705-06DA-4C38-BB97-F4C26D8FAB59}.release-vc9|Win32.Build.0 = release-vc9|Win32
		{3FDE4705-06DA-4C38-BB97-F4C26D8FAB59}.release-vc9|x86.ActiveCfg = release-vc9|Win32
		{D0F7A8D0-7402-4848-B1C6-29DD21E843D9}.Debug|Any CPU.ActiveCfg = Debug|Win32
		{D0F7A8D0-7402-4848-B1C6-29DD21E843D9}.Debug|Mixed Platforms.ActiveCfg = Debug|Win32
		{D0F7A8D0-7402-4848-B1C6-29DD21E843D9}.Debug|Mixed Platforms.Build.0 = Debug|Win32
		{D0F7A8D0-7402-4848-B1C6-29DD21E843D9}.Debug|Win32.ActiveCfg = Debug|Win32
		{D0F7A8D0-7402-4848-B1C6-29DD21E843D9}.Debug|Win32.Build.0 = Debug|Win32
		{D0F7A8D0-7402-4848-B1C6-29DD21E843D9}.Debug|x86.ActiveCfg = Debug|Win32
		{D0F7A8D0-7402-4848-B1C6-29DD21E843D9}.debug-vc10|Any CPU.ActiveCfg = Debug|Win32
		{D0F7A8D0-7402-4848-B1C6-29DD21E843D9}.debug-vc10|Mixed Platforms.ActiveCfg = debug-vc10|Win32
		{D0F7A8D0-7402-4848-B1C6-29DD21E843D9}.debug-vc10|Mixed Platforms.Build.0 = debug-vc10|Win32
		{D0F7A8D0-7402-4848-B1C6-29DD21E843D9}.debug-vc10|Win32.ActiveCfg = Debug|Win32
		{D0F7A8D0-7402-4848-B1C6-29DD21E843D9}.debug-vc10|Win32.Build.0 = Debug|Win32
		{D0F7A8D0-7402-4848-B1C6-29DD21E843D9}.debug-vc10|x86.ActiveCfg = Debug|Win32
		{D0F7A8D0-7402-4848-B1C6-29DD21E843D9}.debug-vc9|Any CPU.ActiveCfg = debug-vc9|Win32
		{D0F7A8D0-7402-4848-B1C6-29DD21E843D9}.debug-vc9|Mixed Platforms.ActiveCfg = debug-vc9|Win32
		{D0F7A8D0-7402-4848-B1C6-29DD21E843D9}.debug-vc9|Mixed Platforms.Build.0 = debug-vc9|Win32
		{D0F7A8D0-7402-4848-B1C6-29DD21E843D9}.debug-vc9|Win32.ActiveCfg = debug-vc9|Win32
		{D0F7A8D0-7402-4848-B1C6-29DD21E843D9}.debug-vc9|Win32.Build.0 = debug-vc9|Win32
		{D0F7A8D0-7402-4848-B1C6-29DD21E843D9}.debug-vc9|x86.ActiveCfg = debug-vc9|Win32
		{D0F7A8D0-7402-4848-B1C6-29DD21E843D9}.Release|Any CPU.ActiveCfg = Release|Win32
		{D0F7A8D0-7402-4848-B1C6-29DD21E843D9}.Release|Mixed Platforms.ActiveCfg = Release|Win32
		{D0F7A8D0-7402-4848-B1C6-29DD21E843D9}.Release|Mixed Platforms.Build.0 = Release|Win32
		{D0F7A8D0-7402-4848-B1C6-29DD21E843D9}.Release|Win32.ActiveCfg = Release|Win32
		{D0F7A8D0-7402-4848-B1C6-29DD21E843D9}.Release|Win32.Build.0 = Release|Win32
		{D0F7A8D0-7402-4848-B1C6-29DD21E843D9}.Release|x86.ActiveCfg = Release|Win32
		{D0F7A8D0-7402-4848-B1C6-29DD21E843D9}.release-vc10|Any CPU.ActiveCfg = Release|Win32
		{D0F7A8D0-7402-4848-B1C6-29DD21E843D9}.release-vc10|Mixed Platforms.ActiveCfg = release-vc10|Win32
		{D0F7A8D0-7402-4848-B1C6-29DD21E843D9}.release-vc10|Mixed Platforms.Build.0 = release-vc10|Win32
		{D0F7A8D0-7402-4848-B1C6-29DD21E843D9}.release-vc10|Win32.ActiveCfg = Release|Win32
		{D0F7A8D0-7402-4848-B1C6-29DD21E843D9}.release-vc10|Win32.Build.0 = Release|Win32
		{D0F7A8D0-7402-4848-B1C6-29DD21E843D9}.release-vc10|x86.ActiveCfg = Release|Win32
		{D0F7A8D0-7402-4848-B1C6-29DD21E843D9}.release-vc9|Any CPU.ActiveCfg = release-vc9|Win32
		{D0F7A8D0-7402-4848-B1C6-29DD21E843D9}.release-vc9|Mixed Platforms.ActiveCfg = release-vc9|Win32
		{D0F7A8D0-7402-4848-B1C6-29DD21E843D9}.release-vc9|Mixed Platforms.Build.0 = release-vc9|Win32
		{D0F7A8D0-7402-4848-B1C6-29DD21E843D9}.release-vc9|Win32.ActiveCfg = release-vc9|Win32
		{D0F7A8D0-7402-4848-B1C6-29DD21E843D9}.release-vc9|Win32.Build.0 = release-vc9|Win32
		{D0F7A8D0-7402-4848-B1C6-29DD21E843D9}.release-vc9|x86.ActiveCfg = release-vc9|Win32
		{14459A3D-4981-4F7F-BF0B-9E4ACA9DE1B5}.Debug|Any CPU.ActiveCfg = Debug|Win32
		{14459A3D-4981-4F7F-BF0B-9E4ACA9DE1B5}.Debug|Mixed Platforms.ActiveCfg = Debug|Win32
		{14459A3D-4981-4F7F-BF0B-9E4ACA9DE1B5}.Debug|Mixed Platforms.Build.0 = Debug|Win32
		{14459A3D-4981-4F7F-BF0B-9E4ACA9DE1B5}.Debug|Win32.ActiveCfg = Debug|Win32
		{14459A3D-4981-4F7F-BF0B-9E4ACA9DE1B5}.Debug|Win32.Build.0 = Debug|Win32
		{14459A3D-4981-4F7F-BF0B-9E4ACA9DE1B5}.Debug|x86.ActiveCfg = Debug|Win32
		{14459A3D-4981-4F7F-BF0B-9E4ACA9DE1B5}.debug-vc10|Any CPU.ActiveCfg = Debug|Win32
		{14459A3D-4981-4F7F-BF0B-9E4ACA9DE1B5}.debug-vc10|Mixed Platforms.ActiveCfg = debug-vc10|Win32
		{14459A3D-4981-4F7F-BF0B-9E4ACA9DE1B5}.debug-vc10|Mixed Platforms.Build.0 = debug-vc10|Win32
		{14459A3D-4981-4F7F-BF0B-9E4ACA9DE1B5}.debug-vc10|Win32.ActiveCfg = Debug|Win32
		{14459A3D-4981-4F7F-BF0B-9E4ACA9DE1B5}.debug-vc10|Win32.Build.0 = Debug|Win32
		{14459A3D-4981-4F7F-BF0B-9E4ACA9DE1B5}.debug-vc10|x86.ActiveCfg = Debug|Win32
		{14459A3D-4981-4F7F-BF0B-9E4ACA9DE1B5}.debug-vc9|Any CPU.ActiveCfg = debug-vc9|Win32
		{14459A3D-4981-4F7F-BF0B-9E4ACA9DE1B5}.debug-vc9|Mixed Platforms.ActiveCfg = debug-vc9|Win32
		{14459A3D-4981-4F7F-BF0B-9E4ACA9DE1B5}.debug-vc9|Mixed Platforms.Build.0 = debug-vc9|Win32
		{14459A3D-4981-4F7F-BF0B-9E4ACA9DE1B5}.debug-vc9|Win32.ActiveCfg = debug-vc9|Win32
		{14459A3D-4981-4F7F-BF0B-9E4ACA9DE1B5}.debug-vc9|Win32.Build.0 = debug-vc9|Win32
		{14459A3D-4981-4F7F-BF0B-9E4ACA9DE1B5}.debug-vc9|x86.ActiveCfg = debug-vc9|Win32
		{14459A3D-4981-4F7F-BF0B-9E4ACA9DE1B5}.Release|Any CPU.ActiveCfg = Release|Win32
		{14459A3D-4981-4F7F-BF0B-9E4ACA9DE1B5}.Release|Mixed Platforms.ActiveCfg = Release|Win32
		{14459A3D-4981-4F7F-BF0B-9E4ACA9DE1B5}.Release|Mixed Platforms.Build.0 = Release|Win32
		{14459A3D-4981-4F7F-BF0B-9E4ACA9DE1B5}.Release|Win32.ActiveCfg = Release|Win32
		{14459A3D-4981-4F7F-BF0B-9E4ACA9DE1B5}.Release|Win32.Build.0 = Release|Win32
		{14459A3D-4981-4F7F-BF0B-9E4ACA9DE1B5}.Release|x86.ActiveCfg = Release|Win32
		{14459A3D-4981-4F7F-BF0B-9E4ACA9DE1B5}.release-vc10|Any CPU.ActiveCfg = Release|Win32
		{14459A3D-4981-4F7F-BF0B-9E4ACA9DE1B5}.release-vc10|Mixed Platforms.ActiveCfg = release-vc10|Win32
		{14459A3D-4981-4F7F-BF0B-9E4ACA9DE1B5}.release-vc10|Mixed Platforms.Build.0 = release-vc10|Win32
		{14459A3D-4981-4F7F-BF0B-9E4ACA9DE1B5}.release-vc10|Win32.ActiveCfg = Release|Win32
		{14459A3D-4981-4F7F-BF0B-9E4ACA9DE1B5}.release-vc10|Win32.Build.0 = Release|Win32
		{14459A3D-4981-4F7F-BF0B-9E4ACA9DE1B5}.release-vc10|x86.ActiveCfg = Release|Win32
		{14459A3D-4981-4F7F-BF0B-9E4ACA9DE1B5}.release-vc9|Any CPU.ActiveCfg = release-vc9|Win32
		{14459A3D-4981-4F7F-BF0B-9E4ACA9DE1B5}.release-vc9|Mixed Platforms.ActiveCfg = release-vc9|Win32
		{14459A3D-4981-4F7F-BF0B-9E4ACA9DE1B5}.release-vc9|Mixed Platforms.Build.0 = release-vc9|Win32
		{14459A3D-4981-4F7F-BF0B-9E4ACA9DE1B5}.release-vc9|Win32.ActiveCfg = release-vc9|Win32
		{14459A3D-4981-4F7F-BF0B-9E4ACA9DE1B5}.release-vc9|Win32.Build.0 = release-vc9|Win32
		{14459A3D-4981-4F7F-BF0B-9E4ACA9DE1B5}.release-vc9|x86.ActiveCfg = release-vc9|Win32
		{9730E928-8EBF-4F69-9A7C-297A086AE4A2}.Debug|Any CPU.ActiveCfg = Debug|Win32
		{9730E928-8EBF-4F69-9A7C-297A086AE4A2}.Debug|Mixed Platforms.ActiveCfg = Debug|Win32
		{9730E928-8EBF-4F69-9A7C-297A086AE4A2}.Debug|Mixed Platforms.Build.0 = Debug|Win32
		{9730E928-8EBF-4F69-9A7C-297A086AE4A2}.Debug|Win32.ActiveCfg = Debug|Win32
		{9730E928-8EBF-4F69-9A7C-297A086AE4A2}.Debug|Win32.Build.0 = Debug|Win32
		{9730E928-8EBF-4F69-9A7C-297A086AE4A2}.Debug|x86.ActiveCfg = Debug|Win32
		{9730E928-8EBF-4F69-9A7C-297A086AE4A2}.debug-vc10|Any CPU.ActiveCfg = Debug|Win32
		{9730E928-8EBF-4F69-9A7C-297A086AE4A2}.debug-vc10|Mixed Platforms.ActiveCfg = debug-vc10|Win32
		{9730E928-8EBF-4F69-9A7C-297A086AE4A2}.debug-vc10|Mixed Platforms.Build.0 = debug-vc10|Win32
		{9730E928-8EBF-4F69-9A7C-297A086AE4A2}.debug-vc10|Win32.ActiveCfg = Debug|Win32
		{9730E928-8EBF-4F69-9A7C-297A086AE4A2}.debug-vc10|Win32.Build.0 = Debug|Win32
		{9730E928-8EBF-4F69-9A7C-297A086AE4A2}.debug-vc10|x86.ActiveCfg = Debug|Win32
		{9730E928-8EBF-4F69-9A7C-297A086AE4A2}.debug-vc9|Any CPU.ActiveCfg = debug-vc9|Win32
		{9730E928-8EBF-4F69-9A7C-297A086AE4A2}.debug-vc9|Mixed Platforms.ActiveCfg = debug-vc9|Win32
		{9730E928-8EBF-4F69-9A7C-297A086AE4A2}.debug-vc9|Mixed Platforms.Build.0 = debug-vc9|Win32
		{9730E928-8EBF-4F69-9A7C-297A086AE4A2}.debug-vc9|Win32.ActiveCfg = debug-vc9|Win32
		{9730E928-8EBF-4F69-9A7C-297A086AE4A2}.debug-vc9|x86.ActiveCfg = debug-vc9|Win32
		{9730E928-8EBF-4F69-9A7C-297A086AE4A2}.Release|Any CPU.ActiveCfg = Release|Win32
		{9730E928-8EBF-4F69-9A7C-297A086AE4A2}.Release|Mixed Platforms.ActiveCfg = Release|Win32
		{9730E928-8EBF-4F69-9A7C-297A086AE4A2}.Release|Mixed Platforms.Build.0 = Release|Win32
		{9730E928-8EBF-4F69-9A7C-297A086AE4A2}.Release|Win32.ActiveCfg = Release|Win32
		{9730E928-8EBF-4F69-9A7C-297A086AE4A2}.Release|Win32.Build.0 = Release|Win32
		{9730E928-8EBF-4F69-9A7C-297A086AE4A2}.Release|x86.ActiveCfg = Release|Win32
		{9730E928-8EBF-4F69-9A7C-297A086AE4A2}.release-vc10|Any CPU.ActiveCfg = Release|Win32
		{9730E928-8EBF-4F69-9A7C-297A086AE4A2}.release-vc10|Mixed Platforms.ActiveCfg = release-vc10|Win32
		{9730E928-8EBF-4F69-9A7C-297A086AE4A2}.release-vc10|Mixed Platforms.Build.0 = release-vc10|Win32
		{9730E928-8EBF-4F69-9A7C-297A086AE4A2}.release-vc10|Win32.ActiveCfg = Release|Win32
		{9730E928-8EBF-4F69-9A7C-297A086AE4A2}.release-vc10|Win32.Build.0 = Release|Win32
		{9730E928-8EBF-4F69-9A7C-297A086AE4A2}.release-vc10|x86.ActiveCfg = Release|Win32
		{9730E928-8EBF-4F69-9A7C-297A086AE4A2}.release-vc9|Any CPU.ActiveCfg = release-vc9|Win32
		{9730E928-8EBF-4F69-9A7C-297A086AE4A2}.release-vc9|Mixed Platforms.ActiveCfg = release-vc9|Win32
		{9730E928-8EBF-4F69-9A7C-297A086AE4A2}.release-vc9|Mixed Platforms.Build.0 = release-vc9|Win32
		{9730E928-8EBF-4F69-9A7C-297A086AE4A2}.release-vc9|Win32.ActiveCfg = release-vc9|Win32
		{9730E928-8EBF-4F69-9A7C-297A086AE4A2}.release-vc9|Win32.Build.0 = release-vc9|Win32
		{9730E928-8EBF-4F69-9A7C-297A086AE4A2}.release-vc9|x86.ActiveCfg = release-vc9|Win32
		{24DA7D2B-5931-49CE-BD0A-74B460FDC192}.Debug|Any CPU.ActiveCfg = Debug|Any CPU
		{24DA7D2B-5931-49CE-BD0A-74B460FDC192}.Debug|Any CPU.Build.0 = Debug|Any CPU
		{24DA7D2B-5931-49CE-BD0A-74B460FDC192}.Debug|Mixed Platforms.ActiveCfg = Debug|Any CPU
		{24DA7D2B-5931-49CE-BD0A-74B460FDC192}.Debug|Mixed Platforms.Build.0 = Debug|Any CPU
		{24DA7D2B-5931-49CE-BD0A-74B460FDC192}.Debug|Win32.ActiveCfg = Debug|Any CPU
		{24DA7D2B-5931-49CE-BD0A-74B460FDC192}.Debug|x86.ActiveCfg = Debug|Any CPU
		{24DA7D2B-5931-49CE-BD0A-74B460FDC192}.debug-vc10|Any CPU.ActiveCfg = Debug|Any CPU
		{24DA7D2B-5931-49CE-BD0A-74B460FDC192}.debug-vc10|Any CPU.Build.0 = Debug|Any CPU
		{24DA7D2B-5931-49CE-BD0A-74B460FDC192}.debug-vc10|Mixed Platforms.ActiveCfg = Debug|Any CPU
		{24DA7D2B-5931-49CE-BD0A-74B460FDC192}.debug-vc10|Mixed Platforms.Build.0 = Debug|Any CPU
		{24DA7D2B-5931-49CE-BD0A-74B460FDC192}.debug-vc10|Win32.ActiveCfg = Debug|Any CPU
		{24DA7D2B-5931-49CE-BD0A-74B460FDC192}.debug-vc10|x86.ActiveCfg = Debug|Any CPU
		{24DA7D2B-5931-49CE-BD0A-74B460FDC192}.debug-vc9|Any CPU.ActiveCfg = Debug|Any CPU
		{24DA7D2B-5931-49CE-BD0A-74B460FDC192}.debug-vc9|Any CPU.Build.0 = Debug|Any CPU
		{24DA7D2B-5931-49CE-BD0A-74B460FDC192}.debug-vc9|Mixed Platforms.ActiveCfg = Debug|Any CPU
		{24DA7D2B-5931-49CE-BD0A-74B460FDC192}.debug-vc9|Win32.ActiveCfg = Debug|Any CPU
		{24DA7D2B-5931-49CE-BD0A-74B460FDC192}.debug-vc9|x86.ActiveCfg = Debug|Any CPU
		{24DA7D2B-5931-49CE-BD0A-74B460FDC192}.Release|Any CPU.ActiveCfg = Release|Any CPU
		{24DA7D2B-5931-49CE-BD0A-74B460FDC192}.Release|Any CPU.Build.0 = Release|Any CPU
		{24DA7D2B-5931-49CE-BD0A-74B460FDC192}.Release|Mixed Platforms.ActiveCfg = Release|Any CPU
		{24DA7D2B-5931-49CE-BD0A-74B460FDC192}.Release|Mixed Platforms.Build.0 = Release|Any CPU
		{24DA7D2B-5931-49CE-BD0A-74B460FDC192}.Release|Win32.ActiveCfg = Release|Any CPU
		{24DA7D2B-5931-49CE-BD0A-74B460FDC192}.Release|x86.ActiveCfg = Release|Any CPU
		{24DA7D2B-5931-49CE-BD0A-74B460FDC192}.release-vc10|Any CPU.ActiveCfg = Release|Any CPU
		{24DA7D2B-5931-49CE-BD0A-74B460FDC192}.release-vc10|Any CPU.Build.0 = Release|Any CPU
		{24DA7D2B-5931-49CE-BD0A-74B460FDC192}.release-vc10|Mixed Platforms.ActiveCfg = Release|Any CPU
		{24DA7D2B-5931-49CE-BD0A-74B460FDC192}.release-vc10|Mixed Platforms.Build.0 = Release|Any CPU
		{24DA7D2B-5931-49CE-BD0A-74B460FDC192}.release-vc10|Win32.ActiveCfg = Release|Any CPU
		{24DA7D2B-5931-49CE-BD0A-74B460FDC192}.release-vc10|x86.ActiveCfg = Release|Any CPU
		{24DA7D2B-5931-49CE-BD0A-74B460FDC192}.release-vc9|Any CPU.ActiveCfg = Release|Any CPU
		{24DA7D2B-5931-49CE-BD0A-74B460FDC192}.release-vc9|Any CPU.Build.0 = Release|Any CPU
		{24DA7D2B-5931-49CE-BD0A-74B460FDC192}.release-vc9|Mixed Platforms.ActiveCfg = Release|Any CPU
		{24DA7D2B-5931-49CE-BD0A-74B460FDC192}.release-vc9|Win32.ActiveCfg = Release|Any CPU
		{24DA7D2B-5931-49CE-BD0A-74B460FDC192}.release-vc9|x86.ActiveCfg = Release|Any CPU
		{B0DA7A04-CFF6-4F33-A262-C7D63AC92A54}.Debug|Any CPU.ActiveCfg = Debug|Any CPU
		{B0DA7A04-CFF6-4F33-A262-C7D63AC92A54}.Debug|Any CPU.Build.0 = Debug|Any CPU
		{B0DA7A04-CFF6-4F33-A262-C7D63AC92A54}.Debug|Mixed Platforms.ActiveCfg = Debug|Any CPU
		{B0DA7A04-CFF6-4F33-A262-C7D63AC92A54}.Debug|Mixed Platforms.Build.0 = Debug|Any CPU
		{B0DA7A04-CFF6-4F33-A262-C7D63AC92A54}.Debug|Win32.ActiveCfg = Debug|Any CPU
		{B0DA7A04-CFF6-4F33-A262-C7D63AC92A54}.Debug|x86.ActiveCfg = Debug|Any CPU
		{B0DA7A04-CFF6-4F33-A262-C7D63AC92A54}.debug-vc10|Any CPU.ActiveCfg = Debug|Any CPU
		{B0DA7A04-CFF6-4F33-A262-C7D63AC92A54}.debug-vc10|Any CPU.Build.0 = Debug|Any CPU
		{B0DA7A04-CFF6-4F33-A262-C7D63AC92A54}.debug-vc10|Mixed Platforms.ActiveCfg = Debug|Any CPU
		{B0DA7A04-CFF6-4F33-A262-C7D63AC92A54}.debug-vc10|Mixed Platforms.Build.0 = Debug|Any CPU
		{B0DA7A04-CFF6-4F33-A262-C7D63AC92A54}.debug-vc10|Win32.ActiveCfg = Debug|Any CPU
		{B0DA7A04-CFF6-4F33-A262-C7D63AC92A54}.debug-vc10|x86.ActiveCfg = Debug|Any CPU
		{B0DA7A04-CFF6-4F33-A262-C7D63AC92A54}.debug-vc9|Any CPU.ActiveCfg = Debug|Any CPU
		{B0DA7A04-CFF6-4F33-A262-C7D63AC92A54}.debug-vc9|Any CPU.Build.0 = Debug|Any CPU
		{B0DA7A04-CFF6-4F33-A262-C7D63AC92A54}.debug-vc9|Mixed Platforms.ActiveCfg = Debug|Any CPU
		{B0DA7A04-CFF6-4F33-A262-C7D63AC92A54}.debug-vc9|Win32.ActiveCfg = Debug|Any CPU
		{B0DA7A04-CFF6-4F33-A262-C7D63AC92A54}.debug-vc9|x86.ActiveCfg = Debug|Any CPU
		{B0DA7A04-CFF6-4F33-A262-C7D63AC92A54}.Release|Any CPU.ActiveCfg = Release|Any CPU
		{B0DA7A04-CFF6-4F33-A262-C7D63AC92A54}.Release|Any CPU.Build.0 = Release|Any CPU
		{B0DA7A04-CFF6-4F33-A262-C7D63AC92A54}.Release|Mixed Platforms.ActiveCfg = Release|Any CPU
		{B0DA7A04-CFF6-4F33-A262-C7D63AC92A54}.Release|Mixed Platforms.Build.0 = Release|Any CPU
		{B0DA7A04-CFF6-4F33-A262-C7D63AC92A54}.Release|Win32.ActiveCfg = Release|Any CPU
		{B0DA7A04-CFF6-4F33-A262-C7D63AC92A54}.Release|x86.ActiveCfg = Release|Any CPU
		{B0DA7A04-CFF6-4F33-A262-C7D63AC92A54}.release-vc10|Any CPU.ActiveCfg = Release|Any CPU
		{B0DA7A04-CFF6-4F33-A262-C7D63AC92A54}.release-vc10|Any CPU.Build.0 = Release|Any CPU
		{B0DA7A04-CFF6-4F33-A262-C7D63AC92A54}.release-vc10|Mixed Platforms.ActiveCfg = Release|Any CPU
		{B0DA7A04-CFF6-4F33-A262-C7D63AC92A54}.release-vc10|Mixed Platforms.Build.0 = Release|Any CPU
		{B0DA7A04-CFF6-4F33-A262-C7D63AC92A54}.release-vc10|Win32.ActiveCfg = Release|Any CPU
		{B0DA7A04-CFF6-4F33-A262-C7D63AC92A54}.release-vc10|x86.ActiveCfg = Release|Any CPU
		{B0DA7A04-CFF6-4F33-A262-C7D63AC92A54}.release-vc9|Any CPU.ActiveCfg = Release|Any CPU
		{B0DA7A04-CFF6-4F33-A262-C7D63AC92A54}.release-vc9|Any CPU.Build.0 = Release|Any CPU
		{B0DA7A04-CFF6-4F33-A262-C7D63AC92A54}.release-vc9|Mixed Platforms.ActiveCfg = Release|Any CPU
		{B0DA7A04-CFF6-4F33-A262-C7D63AC92A54}.release-vc9|Win32.ActiveCfg = Release|Any CPU
		{B0DA7A04-CFF6-4F33-A262-C7D63AC92A54}.release-vc9|x86.ActiveCfg = Release|Any CPU
		{2B8BF1BC-8444-4C48-868C-815E54BFC4DB}.Debug|Any CPU.ActiveCfg = Debug|x86
		{2B8BF1BC-8444-4C48-868C-815E54BFC4DB}.Debug|Mixed Platforms.ActiveCfg = Debug|x86
		{2B8BF1BC-8444-4C48-868C-815E54BFC4DB}.Debug|Mixed Platforms.Build.0 = Debug|x86
		{2B8BF1BC-8444-4C48-868C-815E54BFC4DB}.Debug|Win32.ActiveCfg = Debug|x86
		{2B8BF1BC-8444-4C48-868C-815E54BFC4DB}.Debug|x86.ActiveCfg = Debug|x86
		{2B8BF1BC-8444-4C48-868C-815E54BFC4DB}.Debug|x86.Build.0 = Debug|x86
		{2B8BF1BC-8444-4C48-868C-815E54BFC4DB}.debug-vc10|Any CPU.ActiveCfg = Debug|x86
		{2B8BF1BC-8444-4C48-868C-815E54BFC4DB}.debug-vc10|Mixed Platforms.ActiveCfg = Debug|x86
		{2B8BF1BC-8444-4C48-868C-815E54BFC4DB}.debug-vc10|Mixed Platforms.Build.0 = Debug|x86
		{2B8BF1BC-8444-4C48-868C-815E54BFC4DB}.debug-vc10|Win32.ActiveCfg = Debug|x86
		{2B8BF1BC-8444-4C48-868C-815E54BFC4DB}.debug-vc10|x86.ActiveCfg = Debug|x86
		{2B8BF1BC-8444-4C48-868C-815E54BFC4DB}.debug-vc10|x86.Build.0 = Debug|x86
		{2B8BF1BC-8444-4C48-868C-815E54BFC4DB}.debug-vc9|Any CPU.ActiveCfg = Debug|x86
		{2B8BF1BC-8444-4C48-868C-815E54BFC4DB}.debug-vc9|Mixed Platforms.ActiveCfg = Debug|x86
		{2B8BF1BC-8444-4C48-868C-815E54BFC4DB}.debug-vc9|Win32.ActiveCfg = Debug|x86
		{2B8BF1BC-8444-4C48-868C-815E54BFC4DB}.debug-vc9|x86.ActiveCfg = Debug|x86
		{2B8BF1BC-8444-4C48-868C-815E54BFC4DB}.debug-vc9|x86.Build.0 = Debug|x86
		{2B8BF1BC-8444-4C48-868C-815E54BFC4DB}.Release|Any CPU.ActiveCfg = Release|x86
		{2B8BF1BC-8444-4C48-868C-815E54BFC4DB}.Release|Mixed Platforms.ActiveCfg = Release|x86
		{2B8BF1BC-8444-4C48-868C-815E54BFC4DB}.Release|Mixed Platforms.Build.0 = Release|x86
		{2B8BF1BC-8444-4C48-868C-815E54BFC4DB}.Release|Win32.ActiveCfg = Release|x86
		{2B8BF1BC-8444-4C48-868C-815E54BFC4DB}.Release|x86.ActiveCfg = Release|x86
		{2B8BF1BC-8444-4C48-868C-815E54BFC4DB}.Release|x86.Build.0 = Release|x86
		{2B8BF1BC-8444-4C48-868C-815E54BFC4DB}.release-vc10|Any CPU.ActiveCfg = Release|x86
		{2B8BF1BC-8444-4C48-868C-815E54BFC4DB}.release-vc10|Mixed Platforms.ActiveCfg = Release|x86
		{2B8BF1BC-8444-4C48-868C-815E54BFC4DB}.release-vc10|Mixed Platforms.Build.0 = Release|x86
		{2B8BF1BC-8444-4C48-868C-815E54BFC4DB}.release-vc10|Win32.ActiveCfg = Release|x86
		{2B8BF1BC-8444-4C48-868C-815E54BFC4DB}.release-vc10|x86.ActiveCfg = Release|x86
		{2B8BF1BC-8444-4C48-868C-815E54BFC4DB}.release-vc10|x86.Build.0 = Release|x86
		{2B8BF1BC-8444-4C48-868C-815E54BFC4DB}.release-vc9|Any CPU.ActiveCfg = Release|x86
		{2B8BF1BC-8444-4C48-868C-815E54BFC4DB}.release-vc9|Mixed Platforms.ActiveCfg = Release|x86
		{2B8BF1BC-8444-4C48-868C-815E54BFC4DB}.release-vc9|Win32.ActiveCfg = Release|x86
		{2B8BF1BC-8444-4C48-868C-815E54BFC4DB}.release-vc9|x86.ActiveCfg = Release|x86
		{2B8BF1BC-8444-4C48-868C-815E54BFC4DB}.release-vc9|x86.Build.0 = Release|x86
		{00878B84-FDBE-4BBC-98E3-B09BAF58FD1E}.Debug|Any CPU.ActiveCfg = Debug|Win32
		{00878B84-FDBE-4BBC-98E3-B09BAF58FD1E}.Debug|Mixed Platforms.ActiveCfg = Debug|Win32
		{00878B84-FDBE-4BBC-98E3-B09BAF58FD1E}.Debug|Mixed Platforms.Build.0 = Debug|Win32
		{00878B84-FDBE-4BBC-98E3-B09BAF58FD1E}.Debug|Win32.ActiveCfg = Debug|Win32
		{00878B84-FDBE-4BBC-98E3-B09BAF58FD1E}.Debug|Win32.Build.0 = Debug|Win32
		{00878B84-FDBE-4BBC-98E3-B09BAF58FD1E}.Debug|x86.ActiveCfg = Debug|Win32
		{00878B84-FDBE-4BBC-98E3-B09BAF58FD1E}.debug-vc10|Any CPU.ActiveCfg = Debug|Win32
		{00878B84-FDBE-4BBC-98E3-B09BAF58FD1E}.debug-vc10|Mixed Platforms.ActiveCfg = debug-vc10|Win32
		{00878B84-FDBE-4BBC-98E3-B09BAF58FD1E}.debug-vc10|Mixed Platforms.Build.0 = debug-vc10|Win32
		{00878B84-FDBE-4BBC-98E3-B09BAF58FD1E}.debug-vc10|Win32.ActiveCfg = Debug|Win32
		{00878B84-FDBE-4BBC-98E3-B09BAF58FD1E}.debug-vc10|Win32.Build.0 = Debug|Win32
		{00878B84-FDBE-4BBC-98E3-B09BAF58FD1E}.debug-vc10|x86.ActiveCfg = Debug|Win32
		{00878B84-FDBE-4BBC-98E3-B09BAF58FD1E}.debug-vc9|Any CPU.ActiveCfg = debug-vc9|Win32
		{00878B84-FDBE-4BBC-98E3-B09BAF58FD1E}.debug-vc9|Mixed Platforms.ActiveCfg = debug-vc9|Win32
		{00878B84-FDBE-4BBC-98E3-B09BAF58FD1E}.debug-vc9|Mixed Platforms.Build.0 = debug-vc9|Win32
		{00878B84-FDBE-4BBC-98E3-B09BAF58FD1E}.debug-vc9|Win32.ActiveCfg = debug-vc9|Win32
		{00878B84-FDBE-4BBC-98E3-B09BAF58FD1E}.debug-vc9|Win32.Build.0 = debug-vc9|Win32
		{00878B84-FDBE-4BBC-98E3-B09BAF58FD1E}.debug-vc9|x86.ActiveCfg = debug-vc9|Win32
		{00878B84-FDBE-4BBC-98E3-B09BAF58FD1E}.Release|Any CPU.ActiveCfg = Release|Win32
		{00878B84-FDBE-4BBC-98E3-B09BAF58FD1E}.Release|Mixed Platforms.ActiveCfg = Release|Win32
		{00878B84-FDBE-4BBC-98E3-B09BAF58FD1E}.Release|Mixed Platforms.Build.0 = Release|Win32
		{00878B84-FDBE-4BBC-98E3-B09BAF58FD1E}.Release|Win32.ActiveCfg = Release|Win32
		{00878B84-FDBE-4BBC-98E3-B09BAF58FD1E}.Release|Win32.Build.0 = Release|Win32
		{00878B84-FDBE-4BBC-98E3-B09BAF58FD1E}.Release|x86.ActiveCfg = Release|Win32
		{00878B84-FDBE-4BBC-98E3-B09BAF58FD1E}.release-vc10|Any CPU.ActiveCfg = Release|Win32
		{00878B84-FDBE-4BBC-98E3-B09BAF58FD1E}.release-vc10|Mixed Platforms.ActiveCfg = release-vc10|Win32
		{00878B84-FDBE-4BBC-98E3-B09BAF58FD1E}.release-vc10|Mixed Platforms.Build.0 = release-vc10|Win32
		{00878B84-FDBE-4BBC-98E3-B09BAF58FD1E}.release-vc10|Win32.ActiveCfg = Release|Win32
		{00878B84-FDBE-4BBC-98E3-B09BAF58FD1E}.release-vc10|Win32.Build.0 = Release|Win32
		{00878B84-FDBE-4BBC-98E3-B09BAF58FD1E}.release-vc10|x86.ActiveCfg = Release|Win32
		{00878B84-FDBE-4BBC-98E3-B09BAF58FD1E}.release-vc9|Any CPU.ActiveCfg = release-vc9|Win32
		{00878B84-FDBE-4BBC-98E3-B09BAF58FD1E}.release-vc9|Mixed Platforms.ActiveCfg = release-vc9|Win32
		{00878B84-FDBE-4BBC-98E3-B09BAF58FD1E}.release-vc9|Mixed Platforms.Build.0 = release-vc9|Win32
		{00878B84-FDBE-4BBC-98E3-B09BAF58FD1E}.release-vc9|Win32.ActiveCfg = release-vc9|Win32
		{00878B84-FDBE-4BBC-98E3-B09BAF58FD1E}.release-vc9|Win32.Build.0 = release-vc9|Win32
		{00878B84-FDBE-4BBC-98E3-B09BAF58FD1E}.release-vc9|x86.ActiveCfg = release-vc9|Win32
		{AB72CFED-1F74-4F9E-A2A8-65048F54AEA1}.Debug|Any CPU.ActiveCfg = Debug|x86
		{AB72CFED-1F74-4F9E-A2A8-65048F54AEA1}.Debug|Mixed Platforms.ActiveCfg = Debug|x86
		{AB72CFED-1F74-4F9E-A2A8-65048F54AEA1}.Debug|Mixed Platforms.Build.0 = Debug|x86
		{AB72CFED-1F74-4F9E-A2A8-65048F54AEA1}.Debug|Win32.ActiveCfg = Debug|x86
		{AB72CFED-1F74-4F9E-A2A8-65048F54AEA1}.Debug|x86.ActiveCfg = Debug|x86
		{AB72CFED-1F74-4F9E-A2A8-65048F54AEA1}.Debug|x86.Build.0 = Debug|x86
		{AB72CFED-1F74-4F9E-A2A8-65048F54AEA1}.debug-vc10|Any CPU.ActiveCfg = Debug|x86
		{AB72CFED-1F74-4F9E-A2A8-65048F54AEA1}.debug-vc10|Mixed Platforms.ActiveCfg = Debug|x86
		{AB72CFED-1F74-4F9E-A2A8-65048F54AEA1}.debug-vc10|Mixed Platforms.Build.0 = Debug|x86
		{AB72CFED-1F74-4F9E-A2A8-65048F54AEA1}.debug-vc10|Win32.ActiveCfg = Debug|x86
		{AB72CFED-1F74-4F9E-A2A8-65048F54AEA1}.debug-vc10|x86.ActiveCfg = Debug|x86
		{AB72CFED-1F74-4F9E-A2A8-65048F54AEA1}.debug-vc10|x86.Build.0 = Debug|x86
		{AB72CFED-1F74-4F9E-A2A8-65048F54AEA1}.debug-vc9|Any CPU.ActiveCfg = Debug|x86
		{AB72CFED-1F74-4F9E-A2A8-65048F54AEA1}.debug-vc9|Mixed Platforms.ActiveCfg = Debug|x86
		{AB72CFED-1F74-4F9E-A2A8-65048F54AEA1}.debug-vc9|Win32.ActiveCfg = Debug|x86
		{AB72CFED-1F74-4F9E-A2A8-65048F54AEA1}.debug-vc9|x86.ActiveCfg = Debug|x86
		{AB72CFED-1F74-4F9E-A2A8-65048F54AEA1}.debug-vc9|x86.Build.0 = Debug|x86
		{AB72CFED-1F74-4F9E-A2A8-65048F54AEA1}.Release|Any CPU.ActiveCfg = Release|x86
		{AB72CFED-1F74-4F9E-A2A8-65048F54AEA1}.Release|Mixed Platforms.ActiveCfg = Release|x86
		{AB72CFED-1F74-4F9E-A2A8-65048F54AEA1}.Release|Mixed Platforms.Build.0 = Release|x86
		{AB72CFED-1F74-4F9E-A2A8-65048F54AEA1}.Release|Win32.ActiveCfg = Release|x86
		{AB72CFED-1F74-4F9E-A2A8-65048F54AEA1}.Release|x86.ActiveCfg = Release|x86
		{AB72CFED-1F74-4F9E-A2A8-65048F54AEA1}.Release|x86.Build.0 = Release|x86
		{AB72CFED-1F74-4F9E-A2A8-65048F54AEA1}.release-vc10|Any CPU.ActiveCfg = Release|x86
		{AB72CFED-1F74-4F9E-A2A8-65048F54AEA1}.release-vc10|Mixed Platforms.ActiveCfg = Release|x86
		{AB72CFED-1F74-4F9E-A2A8-65048F54AEA1}.release-vc10|Mixed Platforms.Build.0 = Release|x86
		{AB72CFED-1F74-4F9E-A2A8-65048F54AEA1}.release-vc10|Win32.ActiveCfg = Release|x86
		{AB72CFED-1F74-4F9E-A2A8-65048F54AEA1}.release-vc10|x86.ActiveCfg = Release|x86
		{AB72CFED-1F74-4F9E-A2A8-65048F54AEA1}.release-vc10|x86.Build.0 = Release|x86
		{AB72CFED-1F74-4F9E-A2A8-65048F54AEA1}.release-vc9|Any CPU.ActiveCfg = Release|x86
		{AB72CFED-1F74-4F9E-A2A8-65048F54AEA1}.release-vc9|Mixed Platforms.ActiveCfg = Release|x86
		{AB72CFED-1F74-4F9E-A2A8-65048F54AEA1}.release-vc9|Win32.ActiveCfg = Release|x86
		{AB72CFED-1F74-4F9E-A2A8-65048F54AEA1}.release-vc9|x86.ActiveCfg = Release|x86
		{AB72CFED-1F74-4F9E-A2A8-65048F54AEA1}.release-vc9|x86.Build.0 = Release|x86
		{ADFD729F-5B97-4C6C-93DD-F8E4673E3134}.Debug|Any CPU.ActiveCfg = Debug|Any CPU
		{ADFD729F-5B97-4C6C-93DD-F8E4673E3134}.Debug|Any CPU.Build.0 = Debug|Any CPU
		{ADFD729F-5B97-4C6C-93DD-F8E4673E3134}.Debug|Mixed Platforms.ActiveCfg = Debug|Any CPU
		{ADFD729F-5B97-4C6C-93DD-F8E4673E3134}.Debug|Mixed Platforms.Build.0 = Debug|Any CPU
		{ADFD729F-5B97-4C6C-93DD-F8E4673E3134}.Debug|Win32.ActiveCfg = Debug|Any CPU
		{ADFD729F-5B97-4C6C-93DD-F8E4673E3134}.Debug|x86.ActiveCfg = Debug|Any CPU
		{ADFD729F-5B97-4C6C-93DD-F8E4673E3134}.debug-vc10|Any CPU.ActiveCfg = Debug|Any CPU
		{ADFD729F-5B97-4C6C-93DD-F8E4673E3134}.debug-vc10|Any CPU.Build.0 = Debug|Any CPU
		{ADFD729F-5B97-4C6C-93DD-F8E4673E3134}.debug-vc10|Mixed Platforms.ActiveCfg = Debug|Any CPU
		{ADFD729F-5B97-4C6C-93DD-F8E4673E3134}.debug-vc10|Mixed Platforms.Build.0 = Debug|Any CPU
		{ADFD729F-5B97-4C6C-93DD-F8E4673E3134}.debug-vc10|Win32.ActiveCfg = Debug|Any CPU
		{ADFD729F-5B97-4C6C-93DD-F8E4673E3134}.debug-vc10|x86.ActiveCfg = Debug|Any CPU
		{ADFD729F-5B97-4C6C-93DD-F8E4673E3134}.debug-vc9|Any CPU.ActiveCfg = Debug|Any CPU
		{ADFD729F-5B97-4C6C-93DD-F8E4673E3134}.debug-vc9|Any CPU.Build.0 = Debug|Any CPU
		{ADFD729F-5B97-4C6C-93DD-F8E4673E3134}.debug-vc9|Mixed Platforms.ActiveCfg = Debug|Any CPU
		{ADFD729F-5B97-4C6C-93DD-F8E4673E3134}.debug-vc9|Win32.ActiveCfg = Debug|Any CPU
		{ADFD729F-5B97-4C6C-93DD-F8E4673E3134}.debug-vc9|x86.ActiveCfg = Debug|Any CPU
		{ADFD729F-5B97-4C6C-93DD-F8E4673E3134}.Release|Any CPU.ActiveCfg = Release|Any CPU
		{ADFD729F-5B97-4C6C-93DD-F8E4673E3134}.Release|Any CPU.Build.0 = Release|Any CPU
		{ADFD729F-5B97-4C6C-93DD-F8E4673E3134}.Release|Mixed Platforms.ActiveCfg = Release|Any CPU
		{ADFD729F-5B97-4C6C-93DD-F8E4673E3134}.Release|Mixed Platforms.Build.0 = Release|Any CPU
		{ADFD729F-5B97-4C6C-93DD-F8E4673E3134}.Release|Win32.ActiveCfg = Release|Any CPU
		{ADFD729F-5B97-4C6C-93DD-F8E4673E3134}.Release|x86.ActiveCfg = Release|Any CPU
		{ADFD729F-5B97-4C6C-93DD-F8E4673E3134}.release-vc10|Any CPU.ActiveCfg = Release|Any CPU
		{ADFD729F-5B97-4C6C-93DD-F8E4673E3134}.release-vc10|Any CPU.Build.0 = Release|Any CPU
		{ADFD729F-5B97-4C6C-93DD-F8E4673E3134}.release-vc10|Mixed Platforms.ActiveCfg = Release|Any CPU
		{ADFD729F-5B97-4C6C-93DD-F8E4673E3134}.release-vc10|Mixed Platforms.Build.0 = Release|Any CPU
		{ADFD729F-5B97-4C6C-93DD-F8E4673E3134}.release-vc10|Win32.ActiveCfg = Release|Any CPU
		{ADFD729F-5B97-4C6C-93DD-F8E4673E3134}.release-vc10|x86.ActiveCfg = Release|Any CPU
		{ADFD729F-5B97-4C6C-93DD-F8E4673E3134}.release-vc9|Any CPU.ActiveCfg = Release|Any CPU
		{ADFD729F-5B97-4C6C-93DD-F8E4673E3134}.release-vc9|Any CPU.Build.0 = Release|Any CPU
		{ADFD729F-5B97-4C6C-93DD-F8E4673E3134}.release-vc9|Mixed Platforms.ActiveCfg = Release|Any CPU
		{ADFD729F-5B97-4C6C-93DD-F8E4673E3134}.release-vc9|Win32.ActiveCfg = Release|Any CPU
		{ADFD729F-5B97-4C6C-93DD-F8E4673E3134}.release-vc9|x86.ActiveCfg = Release|Any CPU
		{4E8858FE-E497-4CB4-ADFF-49B04D3D84C0}.Debug|Any CPU.ActiveCfg = debug-vc10|Win32
		{4E8858FE-E497-4CB4-ADFF-49B04D3D84C0}.Debug|Mixed Platforms.ActiveCfg = debug-vc10|Win32
		{4E8858FE-E497-4CB4-ADFF-49B04D3D84C0}.Debug|Mixed Platforms.Build.0 = debug-vc10|Win32
		{4E8858FE-E497-4CB4-ADFF-49B04D3D84C0}.Debug|Win32.ActiveCfg = debug-vc10|Win32
		{4E8858FE-E497-4CB4-ADFF-49B04D3D84C0}.Debug|Win32.Build.0 = debug-vc10|Win32
		{4E8858FE-E497-4CB4-ADFF-49B04D3D84C0}.Debug|x86.ActiveCfg = debug-vc10|Win32
		{4E8858FE-E497-4CB4-ADFF-49B04D3D84C0}.debug-vc10|Any CPU.ActiveCfg = debug-vc10|Win32
		{4E8858FE-E497-4CB4-ADFF-49B04D3D84C0}.debug-vc10|Mixed Platforms.ActiveCfg = debug-vc10|Win32
		{4E8858FE-E497-4CB4-ADFF-49B04D3D84C0}.debug-vc10|Mixed Platforms.Build.0 = debug-vc10|Win32
		{4E8858FE-E497-4CB4-ADFF-49B04D3D84C0}.debug-vc10|Win32.ActiveCfg = debug-vc10|Win32
		{4E8858FE-E497-4CB4-ADFF-49B04D3D84C0}.debug-vc10|Win32.Build.0 = debug-vc10|Win32
		{4E8858FE-E497-4CB4-ADFF-49B04D3D84C0}.debug-vc10|x86.ActiveCfg = debug-vc10|Win32
		{4E8858FE-E497-4CB4-ADFF-49B04D3D84C0}.debug-vc9|Any CPU.ActiveCfg = debug-vc9|Win32
		{4E8858FE-E497-4CB4-ADFF-49B04D3D84C0}.debug-vc9|Mixed Platforms.ActiveCfg = debug-vc9|Win32
		{4E8858FE-E497-4CB4-ADFF-49B04D3D84C0}.debug-vc9|Mixed Platforms.Build.0 = debug-vc9|Win32
		{4E8858FE-E497-4CB4-ADFF-49B04D3D84C0}.debug-vc9|Win32.ActiveCfg = debug-vc9|Win32
		{4E8858FE-E497-4CB4-ADFF-49B04D3D84C0}.debug-vc9|Win32.Build.0 = debug-vc9|Win32
		{4E8858FE-E497-4CB4-ADFF-49B04D3D84C0}.debug-vc9|x86.ActiveCfg = debug-vc9|Win32
		{4E8858FE-E497-4CB4-ADFF-49B04D3D84C0}.Release|Any CPU.ActiveCfg = release-vc10|Win32
		{4E8858FE-E497-4CB4-ADFF-49B04D3D84C0}.Release|Mixed Platforms.ActiveCfg = release-vc10|Win32
		{4E8858FE-E497-4CB4-ADFF-49B04D3D84C0}.Release|Mixed Platforms.Build.0 = release-vc10|Win32
		{4E8858FE-E497-4CB4-ADFF-49B04D3D84C0}.Release|Win32.ActiveCfg = release-vc10|Win32
		{4E8858FE-E497-4CB4-ADFF-49B04D3D84C0}.Release|Win32.Build.0 = release-vc10|Win32
		{4E8858FE-E497-4CB4-ADFF-49B04D3D84C0}.Release|x86.ActiveCfg = release-vc10|Win32
		{4E8858FE-E497-4CB4-ADFF-49B04D3D84C0}.release-vc10|Any CPU.ActiveCfg = release-vc10|Win32
		{4E8858FE-E497-4CB4-ADFF-49B04D3D84C0}.release-vc10|Mixed Platforms.ActiveCfg = release-vc10|Win32
		{4E8858FE-E497-4CB4-ADFF-49B04D3D84C0}.release-vc10|Mixed Platforms.Build.0 = release-vc10|Win32
		{4E8858FE-E497-4CB4-ADFF-49B04D3D84C0}.release-vc10|Win32.ActiveCfg = release-vc10|Win32
		{4E8858FE-E497-4CB4-ADFF-49B04D3D84C0}.release-vc10|Win32.Build.0 = release-vc10|Win32
		{4E8858FE-E497-4CB4-ADFF-49B04D3D84C0}.release-vc10|x86.ActiveCfg = release-vc10|Win32
		{4E8858FE-E497-4CB4-ADFF-49B04D3D84C0}.release-vc9|Any CPU.ActiveCfg = release-vc9|Win32
		{4E8858FE-E497-4CB4-ADFF-49B04D3D84C0}.release-vc9|Mixed Platforms.ActiveCfg = release-vc9|Win32
		{4E8858FE-E497-4CB4-ADFF-49B04D3D84C0}.release-vc9|Mixed Platforms.Build.0 = release-vc9|Win32
		{4E8858FE-E497-4CB4-ADFF-49B04D3D84C0}.release-vc9|Win32.ActiveCfg = release-vc9|Win32
		{4E8858FE-E497-4CB4-ADFF-49B04D3D84C0}.release-vc9|Win32.Build.0 = release-vc9|Win32
		{4E8858FE-E497-4CB4-ADFF-49B04D3D84C0}.release-vc9|x86.ActiveCfg = release-vc9|Win32
		{9343F4FD-C057-4487-8C63-583C8DD0D909}.Debug|Any CPU.ActiveCfg = Debug|Any CPU
		{9343F4FD-C057-4487-8C63-583C8DD0D909}.Debug|Any CPU.Build.0 = Debug|Any CPU
		{9343F4FD-C057-4487-8C63-583C8DD0D909}.Debug|Mixed Platforms.ActiveCfg = Debug|Any CPU
		{9343F4FD-C057-4487-8C63-583C8DD0D909}.Debug|Mixed Platforms.Build.0 = Debug|Any CPU
		{9343F4FD-C057-4487-8C63-583C8DD0D909}.Debug|Win32.ActiveCfg = Debug|Any CPU
		{9343F4FD-C057-4487-8C63-583C8DD0D909}.Debug|x86.ActiveCfg = Debug|Any CPU
		{9343F4FD-C057-4487-8C63-583C8DD0D909}.debug-vc10|Any CPU.ActiveCfg = Debug|Any CPU
		{9343F4FD-C057-4487-8C63-583C8DD0D909}.debug-vc10|Any CPU.Build.0 = Debug|Any CPU
		{9343F4FD-C057-4487-8C63-583C8DD0D909}.debug-vc10|Mixed Platforms.ActiveCfg = Debug|Any CPU
		{9343F4FD-C057-4487-8C63-583C8DD0D909}.debug-vc10|Mixed Platforms.Build.0 = Debug|Any CPU
		{9343F4FD-C057-4487-8C63-583C8DD0D909}.debug-vc10|Win32.ActiveCfg = Debug|Any CPU
		{9343F4FD-C057-4487-8C63-583C8DD0D909}.debug-vc10|x86.ActiveCfg = Debug|Any CPU
		{9343F4FD-C057-4487-8C63-583C8DD0D909}.debug-vc9|Any CPU.ActiveCfg = Debug|Any CPU
		{9343F4FD-C057-4487-8C63-583C8DD0D909}.debug-vc9|Any CPU.Build.0 = Debug|Any CPU
		{9343F4FD-C057-4487-8C63-583C8DD0D909}.debug-vc9|Mixed Platforms.ActiveCfg = Debug|Any CPU
		{9343F4FD-C057-4487-8C63-583C8DD0D909}.debug-vc9|Mixed Platforms.Build.0 = Debug|Any CPU
		{9343F4FD-C057-4487-8C63-583C8DD0D909}.debug-vc9|Win32.ActiveCfg = Debug|Any CPU
		{9343F4FD-C057-4487-8C63-583C8DD0D909}.debug-vc9|x86.ActiveCfg = Debug|Any CPU
		{9343F4FD-C057-4487-8C63-583C8DD0D909}.Release|Any CPU.ActiveCfg = Release|Any CPU
		{9343F4FD-C057-4487-8C63-583C8DD0D909}.Release|Any CPU.Build.0 = Release|Any CPU
		{9343F4FD-C057-4487-8C63-583C8DD0D909}.Release|Mixed Platforms.ActiveCfg = Release|Any CPU
		{9343F4FD-C057-4487-8C63-583C8DD0D909}.Release|Mixed Platforms.Build.0 = Release|Any CPU
		{9343F4FD-C057-4487-8C63-583C8DD0D909}.Release|Win32.ActiveCfg = Release|Any CPU
		{9343F4FD-C057-4487-8C63-583C8DD0D909}.Release|x86.ActiveCfg = Release|Any CPU
		{9343F4FD-C057-4487-8C63-583C8DD0D909}.release-vc10|Any CPU.ActiveCfg = Release|Any CPU
		{9343F4FD-C057-4487-8C63-583C8DD0D909}.release-vc10|Any CPU.Build.0 = Release|Any CPU
		{9343F4FD-C057-4487-8C63-583C8DD0D909}.release-vc10|Mixed Platforms.ActiveCfg = Release|Any CPU
		{9343F4FD-C057-4487-8C63-583C8DD0D909}.release-vc10|Mixed Platforms.Build.0 = Release|Any CPU
		{9343F4FD-C057-4487-8C63-583C8DD0D909}.release-vc10|Win32.ActiveCfg = Release|Any CPU
		{9343F4FD-C057-4487-8C63-583C8DD0D909}.release-vc10|x86.ActiveCfg = Release|Any CPU
		{9343F4FD-C057-4487-8C63-583C8DD0D909}.release-vc9|Any CPU.ActiveCfg = Release|Any CPU
		{9343F4FD-C057-4487-8C63-583C8DD0D909}.release-vc9|Any CPU.Build.0 = Release|Any CPU
		{9343F4FD-C057-4487-8C63-583C8DD0D909}.release-vc9|Mixed Platforms.ActiveCfg = Release|Any CPU
		{9343F4FD-C057-4487-8C63-583C8DD0D909}.release-vc9|Mixed Platforms.Build.0 = Release|Any CPU
		{9343F4FD-C057-4487-8C63-583C8DD0D909}.release-vc9|Win32.ActiveCfg = Release|Any CPU
		{9343F4FD-C057-4487-8C63-583C8DD0D909}.release-vc9|x86.ActiveCfg = Release|Any CPU
	EndGlobalSection
	GlobalSection(SolutionProperties) = preSolution
		HideSolutionNode = FALSE
	EndGlobalSection
	GlobalSection(NestedProjects) = preSolution
		{14459A3D-4981-4F7F-BF0B-9E4ACA9DE1B5} = {A9DDD05D-3D99-4958-BAB8-627D669DD752}
		{9730E928-8EBF-4F69-9A7C-297A086AE4A2} = {A9DDD05D-3D99-4958-BAB8-627D669DD752}
		{24DA7D2B-5931-49CE-BD0A-74B460FDC192} = {0A0C061A-790A-42F4-A95E-A5C60AB0990F}
		{B0DA7A04-CFF6-4F33-A262-C7D63AC92A54} = {0A0C061A-790A-42F4-A95E-A5C60AB0990F}
		{2B8BF1BC-8444-4C48-868C-815E54BFC4DB} = {0A0C061A-790A-42F4-A95E-A5C60AB0990F}
		{3FDE4705-06DA-4C38-BB97-F4C26D8FAB59} = {34EE24D9-C310-49F2-9417-8A3413A92558}
		{D0F7A8D0-7402-4848-B1C6-29DD21E843D9} = {34EE24D9-C310-49F2-9417-8A3413A92558}
		{00878B84-FDBE-4BBC-98E3-B09BAF58FD1E} = {719833F5-F375-4CEC-BF94-1055EF34FF51}
		{AB72CFED-1F74-4F9E-A2A8-65048F54AEA1} = {719833F5-F375-4CEC-BF94-1055EF34FF51}
		{ADFD729F-5B97-4C6C-93DD-F8E4673E3134} = {719833F5-F375-4CEC-BF94-1055EF34FF51}
		{4E8858FE-E497-4CB4-ADFF-49B04D3D84C0} = {719833F5-F375-4CEC-BF94-1055EF34FF51}
		{9343F4FD-C057-4487-8C63-583C8DD0D909} = {719833F5-F375-4CEC-BF94-1055EF34FF51}
	EndGlobalSection
EndGlobal
