
Microsoft Visual Studio Solution File, Format Version 12.00
# Visual Studio 2013
VisualStudioVersion = 12.0.30501.0
MinimumVisualStudioVersion = 10.0.40219.1
Project("{2150E333-8FDC-42A3-9474-1A3956D46DE8}") = "Toolkit", "Toolkit", "{F49C98A6-5673-46BD-8CDD-DB90C8556A85}"
EndProject
Project("{2150E333-8FDC-42A3-9474-1A3956D46DE8}") = "Runtime", "Runtime", "{5EA4A1EB-46D8-4EF0-97FF-E262AE216CAC}"
EndProject
Project("{FAE04EC0-301F-11D3-BF4B-00C04F79EFBC}") = "LibraryManager", "LibraryManager\LibraryManager.csproj", "{16A64A88-240F-41C3-8FA0-45783EC64116}"
EndProject
Project("{FAE04EC0-301F-11D3-BF4B-00C04F79EFBC}") = "TaskHelper", "TaskHelper\TaskHelper.csproj", "{89C4A985-7718-48C6-8284-58CBD23EE23C}"
EndProject
Project("{FAE04EC0-301F-11D3-BF4B-00C04F79EFBC}") = "UIHelper", "UIHelper\UIHelper.csproj", "{38CE59DB-2270-4004-84C3-59E7079B25DF}"
EndProject
Project("{FAE04EC0-301F-11D3-BF4B-00C04F79EFBC}") = "ServerTray", "ServerTray\ServerTray.csproj", "{594245A1-056E-42F4-8D66-C0A283E245AA}"
EndProject
Project("{FAE04EC0-301F-11D3-BF4B-00C04F79EFBC}") = "LibraryEditor", "LibraryEditor\LibraryEditor.csproj", "{1E736ED4-9970-404B-8C67-7DD17425F6AA}"
EndProject
Project("{FAE04EC0-301F-11D3-BF4B-00C04F79EFBC}") = "vf_bridge_x", "..\Core\Bridge\vf_bridge_x\vf_bridge_x.csproj", "{24DA7D2B-5931-49CE-BD0A-74B460FDC192}"
EndProject
Project("{FAE04EC0-301F-11D3-BF4B-00C04F79EFBC}") = "Sartrey", "..\..\sartrey\Sartrey\Sartrey.csproj", "{47CD54C3-3019-48F3-A812-704CAFB679CE}"
EndProject
Project("{FAE04EC0-301F-11D3-BF4B-00C04F79EFBC}") = "vf_model_x", "..\Model\vf_model_x\vf_model_x.csproj", "{5DF12DAD-E5BF-4101-AAED-A7519AD0606C}"
EndProject
Global
	GlobalSection(SolutionConfigurationPlatforms) = preSolution
		Debug|Any CPU = Debug|Any CPU
		Debug|Mixed Platforms = Debug|Mixed Platforms
		Debug|x86 = Debug|x86
		Release|Any CPU = Release|Any CPU
		Release|Mixed Platforms = Release|Mixed Platforms
		Release|x86 = Release|x86
	EndGlobalSection
	GlobalSection(ProjectConfigurationPlatforms) = postSolution
		{16A64A88-240F-41C3-8FA0-45783EC64116}.Debug|Any CPU.ActiveCfg = Debug|x86
		{16A64A88-240F-41C3-8FA0-45783EC64116}.Debug|Mixed Platforms.ActiveCfg = Debug|x86
		{16A64A88-240F-41C3-8FA0-45783EC64116}.Debug|x86.ActiveCfg = Debug|x86
		{16A64A88-240F-41C3-8FA0-45783EC64116}.Debug|x86.Build.0 = Debug|x86
		{16A64A88-240F-41C3-8FA0-45783EC64116}.Release|Any CPU.ActiveCfg = Release|x86
		{16A64A88-240F-41C3-8FA0-45783EC64116}.Release|Mixed Platforms.ActiveCfg = Release|x86
		{16A64A88-240F-41C3-8FA0-45783EC64116}.Release|x86.ActiveCfg = Release|x86
		{16A64A88-240F-41C3-8FA0-45783EC64116}.Release|x86.Build.0 = Release|x86
		{89C4A985-7718-48C6-8284-58CBD23EE23C}.Debug|Any CPU.ActiveCfg = Debug|x86
		{89C4A985-7718-48C6-8284-58CBD23EE23C}.Debug|Mixed Platforms.ActiveCfg = Debug|x86
		{89C4A985-7718-48C6-8284-58CBD23EE23C}.Debug|x86.ActiveCfg = Debug|x86
		{89C4A985-7718-48C6-8284-58CBD23EE23C}.Debug|x86.Build.0 = Debug|x86
		{89C4A985-7718-48C6-8284-58CBD23EE23C}.Release|Any CPU.ActiveCfg = Release|x86
		{89C4A985-7718-48C6-8284-58CBD23EE23C}.Release|Mixed Platforms.ActiveCfg = Release|x86
		{89C4A985-7718-48C6-8284-58CBD23EE23C}.Release|x86.ActiveCfg = Release|x86
		{89C4A985-7718-48C6-8284-58CBD23EE23C}.Release|x86.Build.0 = Release|x86
		{38CE59DB-2270-4004-84C3-59E7079B25DF}.Debug|Any CPU.ActiveCfg = Debug|x86
		{38CE59DB-2270-4004-84C3-59E7079B25DF}.Debug|Mixed Platforms.ActiveCfg = Debug|x86
		{38CE59DB-2270-4004-84C3-59E7079B25DF}.Debug|Mixed Platforms.Build.0 = Debug|x86
		{38CE59DB-2270-4004-84C3-59E7079B25DF}.Debug|x86.ActiveCfg = Debug|x86
		{38CE59DB-2270-4004-84C3-59E7079B25DF}.Debug|x86.Build.0 = Debug|x86
		{38CE59DB-2270-4004-84C3-59E7079B25DF}.Release|Any CPU.ActiveCfg = Release|x86
		{38CE59DB-2270-4004-84C3-59E7079B25DF}.Release|Mixed Platforms.ActiveCfg = Release|x86
		{38CE59DB-2270-4004-84C3-59E7079B25DF}.Release|Mixed Platforms.Build.0 = Release|x86
		{38CE59DB-2270-4004-84C3-59E7079B25DF}.Release|x86.ActiveCfg = Release|x86
		{38CE59DB-2270-4004-84C3-59E7079B25DF}.Release|x86.Build.0 = Release|x86
		{594245A1-056E-42F4-8D66-C0A283E245AA}.Debug|Any CPU.ActiveCfg = Debug|x86
		{594245A1-056E-42F4-8D66-C0A283E245AA}.Debug|Mixed Platforms.ActiveCfg = Debug|x86
		{594245A1-056E-42F4-8D66-C0A283E245AA}.Debug|Mixed Platforms.Build.0 = Debug|x86
		{594245A1-056E-42F4-8D66-C0A283E245AA}.Debug|x86.ActiveCfg = Debug|x86
		{594245A1-056E-42F4-8D66-C0A283E245AA}.Debug|x86.Build.0 = Debug|x86
		{594245A1-056E-42F4-8D66-C0A283E245AA}.Release|Any CPU.ActiveCfg = Release|x86
		{594245A1-056E-42F4-8D66-C0A283E245AA}.Release|Mixed Platforms.ActiveCfg = Release|x86
		{594245A1-056E-42F4-8D66-C0A283E245AA}.Release|Mixed Platforms.Build.0 = Release|x86
		{594245A1-056E-42F4-8D66-C0A283E245AA}.Release|x86.ActiveCfg = Release|x86
		{594245A1-056E-42F4-8D66-C0A283E245AA}.Release|x86.Build.0 = Release|x86
		{1E736ED4-9970-404B-8C67-7DD17425F6AA}.Debug|Any CPU.ActiveCfg = Debug|x86
		{1E736ED4-9970-404B-8C67-7DD17425F6AA}.Debug|Mixed Platforms.ActiveCfg = Debug|x86
		{1E736ED4-9970-404B-8C67-7DD17425F6AA}.Debug|Mixed Platforms.Build.0 = Debug|x86
		{1E736ED4-9970-404B-8C67-7DD17425F6AA}.Debug|x86.ActiveCfg = Debug|x86
		{1E736ED4-9970-404B-8C67-7DD17425F6AA}.Debug|x86.Build.0 = Debug|x86
		{1E736ED4-9970-404B-8C67-7DD17425F6AA}.Release|Any CPU.ActiveCfg = Release|x86
		{1E736ED4-9970-404B-8C67-7DD17425F6AA}.Release|Mixed Platforms.ActiveCfg = Release|x86
		{1E736ED4-9970-404B-8C67-7DD17425F6AA}.Release|Mixed Platforms.Build.0 = Release|x86
		{1E736ED4-9970-404B-8C67-7DD17425F6AA}.Release|x86.ActiveCfg = Release|x86
		{1E736ED4-9970-404B-8C67-7DD17425F6AA}.Release|x86.Build.0 = Release|x86
		{24DA7D2B-5931-49CE-BD0A-74B460FDC192}.Debug|Any CPU.ActiveCfg = Debug|Any CPU
		{24DA7D2B-5931-49CE-BD0A-74B460FDC192}.Debug|Any CPU.Build.0 = Debug|Any CPU
		{24DA7D2B-5931-49CE-BD0A-74B460FDC192}.Debug|Mixed Platforms.ActiveCfg = Debug|Any CPU
		{24DA7D2B-5931-49CE-BD0A-74B460FDC192}.Debug|Mixed Platforms.Build.0 = Debug|Any CPU
		{24DA7D2B-5931-49CE-BD0A-74B460FDC192}.Debug|x86.ActiveCfg = Debug|Any CPU
		{24DA7D2B-5931-49CE-BD0A-74B460FDC192}.Release|Any CPU.ActiveCfg = Release|Any CPU
		{24DA7D2B-5931-49CE-BD0A-74B460FDC192}.Release|Any CPU.Build.0 = Release|Any CPU
		{24DA7D2B-5931-49CE-BD0A-74B460FDC192}.Release|Mixed Platforms.ActiveCfg = Release|Any CPU
		{24DA7D2B-5931-49CE-BD0A-74B460FDC192}.Release|Mixed Platforms.Build.0 = Release|Any CPU
		{24DA7D2B-5931-49CE-BD0A-74B460FDC192}.Release|x86.ActiveCfg = Release|Any CPU
		{47CD54C3-3019-48F3-A812-704CAFB679CE}.Debug|Any CPU.ActiveCfg = Debug|Any CPU
		{47CD54C3-3019-48F3-A812-704CAFB679CE}.Debug|Any CPU.Build.0 = Debug|Any CPU
		{47CD54C3-3019-48F3-A812-704CAFB679CE}.Debug|Mixed Platforms.ActiveCfg = Debug|Any CPU
		{47CD54C3-3019-48F3-A812-704CAFB679CE}.Debug|Mixed Platforms.Build.0 = Debug|Any CPU
		{47CD54C3-3019-48F3-A812-704CAFB679CE}.Debug|x86.ActiveCfg = Debug|Any CPU
		{47CD54C3-3019-48F3-A812-704CAFB679CE}.Release|Any CPU.ActiveCfg = Release|Any CPU
		{47CD54C3-3019-48F3-A812-704CAFB679CE}.Release|Any CPU.Build.0 = Release|Any CPU
		{47CD54C3-3019-48F3-A812-704CAFB679CE}.Release|Mixed Platforms.ActiveCfg = Release|Any CPU
		{47CD54C3-3019-48F3-A812-704CAFB679CE}.Release|Mixed Platforms.Build.0 = Release|Any CPU
		{47CD54C3-3019-48F3-A812-704CAFB679CE}.Release|x86.ActiveCfg = Release|Any CPU
		{5DF12DAD-E5BF-4101-AAED-A7519AD0606C}.Debug|Any CPU.ActiveCfg = Debug|Any CPU
		{5DF12DAD-E5BF-4101-AAED-A7519AD0606C}.Debug|Any CPU.Build.0 = Debug|Any CPU
		{5DF12DAD-E5BF-4101-AAED-A7519AD0606C}.Debug|Mixed Platforms.ActiveCfg = Debug|Any CPU
		{5DF12DAD-E5BF-4101-AAED-A7519AD0606C}.Debug|Mixed Platforms.Build.0 = Debug|Any CPU
		{5DF12DAD-E5BF-4101-AAED-A7519AD0606C}.Debug|x86.ActiveCfg = Debug|Any CPU
		{5DF12DAD-E5BF-4101-AAED-A7519AD0606C}.Release|Any CPU.ActiveCfg = Release|Any CPU
		{5DF12DAD-E5BF-4101-AAED-A7519AD0606C}.Release|Any CPU.Build.0 = Release|Any CPU
		{5DF12DAD-E5BF-4101-AAED-A7519AD0606C}.Release|Mixed Platforms.ActiveCfg = Release|Any CPU
		{5DF12DAD-E5BF-4101-AAED-A7519AD0606C}.Release|Mixed Platforms.Build.0 = Release|Any CPU
		{5DF12DAD-E5BF-4101-AAED-A7519AD0606C}.Release|x86.ActiveCfg = Release|Any CPU
	EndGlobalSection
	GlobalSection(SolutionProperties) = preSolution
		HideSolutionNode = FALSE
	EndGlobalSection
	GlobalSection(NestedProjects) = preSolution
		{16A64A88-240F-41C3-8FA0-45783EC64116} = {F49C98A6-5673-46BD-8CDD-DB90C8556A85}
		{89C4A985-7718-48C6-8284-58CBD23EE23C} = {F49C98A6-5673-46BD-8CDD-DB90C8556A85}
		{38CE59DB-2270-4004-84C3-59E7079B25DF} = {F49C98A6-5673-46BD-8CDD-DB90C8556A85}
		{594245A1-056E-42F4-8D66-C0A283E245AA} = {F49C98A6-5673-46BD-8CDD-DB90C8556A85}
		{1E736ED4-9970-404B-8C67-7DD17425F6AA} = {F49C98A6-5673-46BD-8CDD-DB90C8556A85}
		{24DA7D2B-5931-49CE-BD0A-74B460FDC192} = {5EA4A1EB-46D8-4EF0-97FF-E262AE216CAC}
		{47CD54C3-3019-48F3-A812-704CAFB679CE} = {5EA4A1EB-46D8-4EF0-97FF-E262AE216CAC}
		{5DF12DAD-E5BF-4101-AAED-A7519AD0606C} = {5EA4A1EB-46D8-4EF0-97FF-E262AE216CAC}
	EndGlobalSection
EndGlobal
