<?xml version="1.0" encoding="utf-8"?>
<Project ToolsVersion="4.0" xmlns="http://schemas.microsoft.com/developer/msbuild/2003">
  <ItemGroup>
    <Filter Include="源文件">
      <UniqueIdentifier>{4FC737F1-C7A5-4376-A066-2A32D752A2FF}</UniqueIdentifier>
      <Extensions>cpp;c;cc;cxx;def;odl;idl;hpj;bat;asm;asmx</Extensions>
    </Filter>
    <Filter Include="头文件">
      <UniqueIdentifier>{93995380-89BD-4b04-88EB-625FBE52EBFB}</UniqueIdentifier>
      <Extensions>h;hpp;hxx;hm;inl;inc;xsd</Extensions>
    </Filter>
    <Filter Include="资源文件">
      <UniqueIdentifier>{67DA6AB6-F800-4c08-8B7A-83BB121AAD01}</UniqueIdentifier>
      <Extensions>rc;ico;cur;bmp;dlg;rc2;rct;bin;rgs;gif;jpg;jpeg;jpe;resx;tiff;tif;png;wav;mfcribbon-ms</Extensions>
    </Filter>
    <Filter Include="头文件\base">
      <UniqueIdentifier>{62319621-c5ab-4c65-bbad-cb7250a14b17}</UniqueIdentifier>
    </Filter>
    <Filter Include="源文件\base">
      <UniqueIdentifier>{67c0c82c-f83a-40c1-be7a-916bd371900a}</UniqueIdentifier>
    </Filter>
    <Filter Include="头文件\sdk">
      <UniqueIdentifier>{b54294e6-7b43-4b1b-a0ec-c85220f7f154}</UniqueIdentifier>
    </Filter>
    <Filter Include="源文件\sdk">
      <UniqueIdentifier>{0e73639c-c904-44d1-a6cf-6d785cdd4822}</UniqueIdentifier>
    </Filter>
    <Filter Include="头文件\core">
      <UniqueIdentifier>{2a797e5d-80e8-46b4-a435-348fc0fd22a7}</UniqueIdentifier>
    </Filter>
    <Filter Include="源文件\core">
      <UniqueIdentifier>{d70dd52a-88a1-4481-8147-1fd8ceabaca9}</UniqueIdentifier>
    </Filter>
    <Filter Include="头文件\comm">
      <UniqueIdentifier>{ea745eb6-d800-4d16-a1c0-e5f231e82ca9}</UniqueIdentifier>
    </Filter>
    <Filter Include="源文件\comm">
      <UniqueIdentifier>{03b73379-4ffb-4e9a-97c4-c31edafe5f4d}</UniqueIdentifier>
    </Filter>
    <Filter Include="头文件\aop">
      <UniqueIdentifier>{edb3a99e-e9b9-438d-b82c-9351e4871620}</UniqueIdentifier>
    </Filter>
    <Filter Include="源文件\aop">
      <UniqueIdentifier>{4448cd2d-33cf-4187-bb9c-d22f14eb8cbf}</UniqueIdentifier>
    </Filter>
    <Filter Include="头文件\driver">
      <UniqueIdentifier>{11427651-7032-45d8-bf94-37f2d5441a95}</UniqueIdentifier>
    </Filter>
    <Filter Include="源文件\driver">
      <UniqueIdentifier>{9862808a-a118-4278-aa96-625a86265b36}</UniqueIdentifier>
    </Filter>
  </ItemGroup>
  <ItemGroup>
    <ClInclude Include="include\vf_base.h">
      <Filter>头文件\base</Filter>
    </ClInclude>
    <ClInclude Include="include\vf_const.h">
      <Filter>头文件\base</Filter>
    </ClInclude>
    <ClInclude Include="include\vf_string.h">
      <Filter>头文件\base</Filter>
    </ClInclude>
    <ClInclude Include="include\vf_xml.h">
      <Filter>头文件\base</Filter>
    </ClInclude>
    <ClInclude Include="include\vf_context.h">
      <Filter>头文件\core</Filter>
    </ClInclude>
    <ClInclude Include="include\vf_envelope.h">
      <Filter>头文件\core</Filter>
    </ClInclude>
    <ClInclude Include="include\vf_bridge_c.h">
      <Filter>头文件\sdk</Filter>
    </ClInclude>
    <ClInclude Include="include\vf_dev_drv.h">
      <Filter>头文件\sdk</Filter>
    </ClInclude>
    <ClInclude Include="include\vf_dev_lib.h">
      <Filter>头文件\sdk</Filter>
    </ClInclude>
    <ClInclude Include="include\vf_log.h">
      <Filter>头文件\aop</Filter>
    </ClInclude>
    <ClInclude Include="include\vf_time.h">
      <Filter>头文件\aop</Filter>
    </ClInclude>
    <ClInclude Include="include\vf_token.h">
      <Filter>头文件\aop</Filter>
    </ClInclude>
    <ClInclude Include="include\vf_pipe.h">
      <Filter>头文件\comm</Filter>
    </ClInclude>
    <ClInclude Include="include\vf_utility.h">
      <Filter>头文件\base</Filter>
    </ClInclude>
    <ClInclude Include="include\vf_setting.h">
      <Filter>头文件\base</Filter>
    </ClInclude>
    <ClInclude Include="include\vf_driver.h">
      <Filter>头文件\driver</Filter>
    </ClInclude>
    <ClInclude Include="include\vf_invoker.h">
      <Filter>头文件\driver</Filter>
    </ClInclude>
    <ClInclude Include="include\vf_library.h">
      <Filter>头文件\driver</Filter>
    </ClInclude>
    <ClInclude Include="include\vf_stack.h">
      <Filter>头文件\driver</Filter>
    </ClInclude>
    <ClInclude Include="include\vf_aspect.h">
      <Filter>头文件\aop</Filter>
    </ClInclude>
  </ItemGroup>
  <ItemGroup>
    <ClCompile Include="src\dllmain.cpp">
      <Filter>源文件\base</Filter>
    </ClCompile>
    <ClCompile Include="src\vf_base.cpp">
      <Filter>源文件\base</Filter>
    </ClCompile>
    <ClCompile Include="src\vf_string.cpp">
      <Filter>源文件\base</Filter>
    </ClCompile>
    <ClCompile Include="src\vf_xml.cpp">
      <Filter>源文件\base</Filter>
    </ClCompile>
    <ClCompile Include="src\vf_envelope.cpp">
      <Filter>源文件\core</Filter>
    </ClCompile>
    <ClCompile Include="src\vf_context.cpp">
      <Filter>源文件\core</Filter>
    </ClCompile>
    <ClCompile Include="src\vf_log.cpp">
      <Filter>源文件\aop</Filter>
    </ClCompile>
    <ClCompile Include="src\vf_time.cpp">
      <Filter>源文件\aop</Filter>
    </ClCompile>
    <ClCompile Include="src\vf_token.cpp">
      <Filter>源文件\aop</Filter>
    </ClCompile>
    <ClCompile Include="src\vf_bridge_c.cpp">
      <Filter>源文件\sdk</Filter>
    </ClCompile>
    <ClCompile Include="src\vf_utility.cpp">
      <Filter>源文件\base</Filter>
    </ClCompile>
    <ClCompile Include="src\vf_pipe.cpp">
      <Filter>源文件\comm</Filter>
    </ClCompile>
    <ClCompile Include="src\vf_setting.cpp">
      <Filter>源文件\base</Filter>
    </ClCompile>
    <ClCompile Include="src\vf_driver.cpp">
      <Filter>源文件\driver</Filter>
    </ClCompile>
    <ClCompile Include="src\vf_invoker.cpp">
      <Filter>源文件\driver</Filter>
    </ClCompile>
    <ClCompile Include="src\vf_library.cpp">
      <Filter>源文件\driver</Filter>
    </ClCompile>
    <ClCompile Include="src\vf_stack.cpp">
      <Filter>源文件\driver</Filter>
    </ClCompile>
  </ItemGroup>
  <ItemGroup>
    <ResourceCompile Include="res\vf_bridge.rc">
      <Filter>资源文件</Filter>
    </ResourceCompile>
  </ItemGroup>
  <ItemGroup>
    <None Include="ReleaseNotes.txt">
      <Filter>资源文件</Filter>
    </None>
  </ItemGroup>
</Project>