<?xml version="1.0" encoding="utf-8"?>
<Project ToolsVersion="4.0" xmlns="http://schemas.microsoft.com/developer/msbuild/2003">
  <ItemGroup>
    <Filter Include="源文件">
      <UniqueIdentifier>{4FC737F1-C7A5-4376-A066-2A32D752A2FF}</UniqueIdentifier>
      <Extensions>cpp;c;cc;cxx;def;odl;idl;hpj;bat;asm;asmx</Extensions>
    </Filter>
    <Filter Include="头文件">
      <UniqueIdentifier>{93995380-89BD-4b04-88EB-625FBE52EBFB}</UniqueIdentifier>
      <Extensions>h;hpp;hxx;hm;inl;inc;xsd</Extensions>
    </Filter>
    <Filter Include="资源文件">
      <UniqueIdentifier>{67DA6AB6-F800-4c08-8B7A-83BB121AAD01}</UniqueIdentifier>
      <Extensions>rc;ico;cur;bmp;dlg;rc2;rct;bin;rgs;gif;jpg;jpeg;jpe;resx;tiff;tif;png;wav;mfcribbon-ms</Extensions>
    </Filter>
    <Filter Include="头文件\base">
      <UniqueIdentifier>{62319621-c5ab-4c65-bbad-cb7250a14b17}</UniqueIdentifier>
    </Filter>
    <Filter Include="源文件\base">
      <UniqueIdentifier>{67c0c82c-f83a-40c1-be7a-916bd371900a}</UniqueIdentifier>
    </Filter>
    <Filter Include="头文件\sdk">
      <UniqueIdentifier>{b54294e6-7b43-4b1b-a0ec-c85220f7f154}</UniqueIdentifier>
    </Filter>
    <Filter Include="源文件\sdk">
      <UniqueIdentifier>{0e73639c-c904-44d1-a6cf-6d785cdd4822}</UniqueIdentifier>
    </Filter>
    <Filter Include="头文件\core">
      <UniqueIdentifier>{c51d2d36-900c-47f1-8f07-8cb8ab962e59}</UniqueIdentifier>
    </Filter>
    <Filter Include="源文件\core">
      <UniqueIdentifier>{33e976cf-1e45-4691-9882-ce24c09f3273}</UniqueIdentifier>
    </Filter>
    <Filter Include="头文件\core\aspect">
      <UniqueIdentifier>{77fcfeee-12d5-4dcd-b6ed-576ebb06eddb}</UniqueIdentifier>
    </Filter>
    <Filter Include="头文件\core\driver">
      <UniqueIdentifier>{65014e89-c172-4c86-ae9c-f3d13437216f}</UniqueIdentifier>
    </Filter>
    <Filter Include="头文件\core\library">
      <UniqueIdentifier>{6553cd31-ea23-421c-8cee-cf1085676b89}</UniqueIdentifier>
    </Filter>
    <Filter Include="源文件\core\aspect">
      <UniqueIdentifier>{5b203447-5fc6-46f1-9636-1b1748f31c58}</UniqueIdentifier>
    </Filter>
    <Filter Include="源文件\core\driver">
      <UniqueIdentifier>{67d9d434-4e3f-4ac1-aa68-0e2f2e072fe3}</UniqueIdentifier>
    </Filter>
    <Filter Include="源文件\core\library">
      <UniqueIdentifier>{a6e715d3-9748-4909-a701-45a9955b72fa}</UniqueIdentifier>
    </Filter>
    <Filter Include="头文件\core\data">
      <UniqueIdentifier>{bf794e30-9655-4977-9f60-ec1adb7ec6f5}</UniqueIdentifier>
    </Filter>
    <Filter Include="源文件\core\data">
      <UniqueIdentifier>{f9db2d0b-7258-4a5a-849e-649d0d79b130}</UniqueIdentifier>
    </Filter>
  </ItemGroup>
  <ItemGroup>
    <ClInclude Include="include\vf_base.h">
      <Filter>头文件\base</Filter>
    </ClInclude>
    <ClInclude Include="include\vf_const.h">
      <Filter>头文件\base</Filter>
    </ClInclude>
    <ClInclude Include="include\vf_string.h">
      <Filter>头文件\base</Filter>
    </ClInclude>
    <ClInclude Include="include\vf_xml.h">
      <Filter>头文件\base</Filter>
    </ClInclude>
    <ClInclude Include="include\vf_bridge_c.h">
      <Filter>头文件\sdk</Filter>
    </ClInclude>
    <ClInclude Include="include\vf_dev_drv.h">
      <Filter>头文件\sdk</Filter>
    </ClInclude>
    <ClInclude Include="include\vf_dev_lib.h">
      <Filter>头文件\sdk</Filter>
    </ClInclude>
    <ClInclude Include="include\vf_utility.h">
      <Filter>头文件\base</Filter>
    </ClInclude>
    <ClInclude Include="include\vf_setting.h">
      <Filter>头文件\base</Filter>
    </ClInclude>
    <ClInclude Include="include\vf_aspect.h">
      <Filter>头文件\core\aspect</Filter>
    </ClInclude>
    <ClInclude Include="include\vf_driver.h">
      <Filter>头文件\core\driver</Filter>
    </ClInclude>
    <ClInclude Include="include\vf_driver_dpt.h">
      <Filter>头文件\core\driver</Filter>
    </ClInclude>
    <ClInclude Include="include\vf_library.h">
      <Filter>头文件\core\library</Filter>
    </ClInclude>
    <ClInclude Include="include\vf_jointcut.h">
      <Filter>头文件\core\aspect</Filter>
    </ClInclude>
    <ClInclude Include="include\vf_context.h">
      <Filter>头文件\core\data</Filter>
    </ClInclude>
    <ClInclude Include="include\vf_envelope.h">
      <Filter>头文件\core\data</Filter>
    </ClInclude>
    <ClInclude Include="include\vf_pipe.h">
      <Filter>头文件\core\data</Filter>
    </ClInclude>
    <ClInclude Include="include\vf_stack.h">
      <Filter>头文件\core\data</Filter>
    </ClInclude>
    <ClInclude Include="include\vf_invoker.h">
      <Filter>头文件\core\library</Filter>
    </ClInclude>
    <ClInclude Include="include\vf_token.h">
      <Filter>头文件\core\library</Filter>
    </ClInclude>
  </ItemGroup>
  <ItemGroup>
    <ClCompile Include="src\dllmain.cpp">
      <Filter>源文件\base</Filter>
    </ClCompile>
    <ClCompile Include="src\vf_base.cpp">
      <Filter>源文件\base</Filter>
    </ClCompile>
    <ClCompile Include="src\vf_string.cpp">
      <Filter>源文件\base</Filter>
    </ClCompile>
    <ClCompile Include="src\vf_xml.cpp">
      <Filter>源文件\base</Filter>
    </ClCompile>
    <ClCompile Include="src\vf_bridge_c.cpp">
      <Filter>源文件\sdk</Filter>
    </ClCompile>
    <ClCompile Include="src\vf_utility.cpp">
      <Filter>源文件\base</Filter>
    </ClCompile>
    <ClCompile Include="src\vf_setting.cpp">
      <Filter>源文件\base</Filter>
    </ClCompile>
    <ClCompile Include="src\vf_aspect.cpp">
      <Filter>源文件\core\aspect</Filter>
    </ClCompile>
    <ClCompile Include="src\vf_driver.cpp">
      <Filter>源文件\core\driver</Filter>
    </ClCompile>
    <ClCompile Include="src\vf_driver_dpt.cpp">
      <Filter>源文件\core\driver</Filter>
    </ClCompile>
    <ClCompile Include="src\vf_library.cpp">
      <Filter>源文件\core\library</Filter>
    </ClCompile>
    <ClCompile Include="src\vf_context.cpp">
      <Filter>源文件\core\data</Filter>
    </ClCompile>
    <ClCompile Include="src\vf_stack.cpp">
      <Filter>源文件\core\data</Filter>
    </ClCompile>
    <ClCompile Include="src\vf_envelope.cpp">
      <Filter>源文件\core\data</Filter>
    </ClCompile>
    <ClCompile Include="src\vf_pipe.cpp">
      <Filter>源文件\core\data</Filter>
    </ClCompile>
    <ClCompile Include="src\vf_invoker.cpp">
      <Filter>源文件\core\library</Filter>
    </ClCompile>
    <ClCompile Include="src\vf_token.cpp">
      <Filter>源文件\core\library</Filter>
    </ClCompile>
  </ItemGroup>
  <ItemGroup>
    <ResourceCompile Include="res\vf_bridge.rc">
      <Filter>资源文件</Filter>
    </ResourceCompile>
  </ItemGroup>
  <ItemGroup>
    <None Include="ReleaseNotes.txt">
      <Filter>资源文件</Filter>
    </None>
  </ItemGroup>
</Project>